// !$*UTF8*$!
{
	archiveVersion = 1;
	classes = {
	};
	objectVersion = 46;
	objects = {

/* Begin PBXBuildFile section */
		C516EFEB1B0CE6CB00CF4468 /* AppDelegate.swift in Sources */ = {isa = PBXBuildFile; fileRef = C516EFEA1B0CE6CB00CF4468 /* AppDelegate.swift */; };
		C516EFF21B0CE6CB00CF4468 /* Main.storyboard in Resources */ = {isa = PBXBuildFile; fileRef = C516EFF01B0CE6CB00CF4468 /* Main.storyboard */; };
		C516EFF41B0CE6CB00CF4468 /* Images.xcassets in Resources */ = {isa = PBXBuildFile; fileRef = C516EFF31B0CE6CB00CF4468 /* Images.xcassets */; };
		C516EFF71B0CE6CB00CF4468 /* LaunchScreen.xib in Resources */ = {isa = PBXBuildFile; fileRef = C516EFF51B0CE6CB00CF4468 /* LaunchScreen.xib */; };
		C516F00D1B0CE79100CF4468 /* SettingsTableViewController.swift in Sources */ = {isa = PBXBuildFile; fileRef = C516F00C1B0CE79100CF4468 /* SettingsTableViewController.swift */; };
		C516F00F1B0CE7EB00CF4468 /* StationsListTableViewController.swift in Sources */ = {isa = PBXBuildFile; fileRef = C516F00E1B0CE7EB00CF4468 /* StationsListTableViewController.swift */; };
		C516F0111B0CE80F00CF4468 /* MapViewController.swift in Sources */ = {isa = PBXBuildFile; fileRef = C516F0101B0CE80F00CF4468 /* MapViewController.swift */; };
		C516F01B1B0DAA7C00CF4468 /* MapKit.framework in Frameworks */ = {isa = PBXBuildFile; fileRef = C516F01A1B0DAA7C00CF4468 /* MapKit.framework */; };
		C5C215881B0F76F000FEB01C /* FirstTimeUse.storyboard in Resources */ = {isa = PBXBuildFile; fileRef = C5C215871B0F76F000FEB01C /* FirstTimeUse.storyboard */; };
		C5C2A8AD1B62858500B3FD65 /* MainTabViewController.swift in Sources */ = {isa = PBXBuildFile; fileRef = C5C2A8AC1B62858500B3FD65 /* MainTabViewController.swift */; };
		C5E8732B1B1097AA00217C93 /* FTULocationAccessViewController.swift in Sources */ = {isa = PBXBuildFile; fileRef = C5E8732A1B1097AA00217C93 /* FTULocationAccessViewController.swift */; };
		C5E8732D1B109B2A00217C93 /* FTUFinishedViewController.swift in Sources */ = {isa = PBXBuildFile; fileRef = C5E8732C1B109B2A00217C93 /* FTUFinishedViewController.swift */; };
		D10242FA1B21137F00FCB923 /* SettingsNumberOfClosestStationsTableViewController.swift in Sources */ = {isa = PBXBuildFile; fileRef = D10242F91B21137F00FCB923 /* SettingsNumberOfClosestStationsTableViewController.swift */; };
		D111F4631CD99453003F3609 /* StationTableViewCell.swift in Sources */ = {isa = PBXBuildFile; fileRef = D111F4621CD99453003F3609 /* StationTableViewCell.swift */; };
		D11DDDDE1D988E0300BBB480 /* Station.swift in Sources */ = {isa = PBXBuildFile; fileRef = D11DDDDD1D988E0300BBB480 /* Station.swift */; };
		D11DDDE21D988F3400BBB480 /* Stations.swift in Sources */ = {isa = PBXBuildFile; fileRef = D11DDDE11D988F3400BBB480 /* Stations.swift */; };
		D11DDDE41D988F7D00BBB480 /* SetingsService.swift in Sources */ = {isa = PBXBuildFile; fileRef = D11DDDE31D988F7D00BBB480 /* SetingsService.swift */; };
		D11DDDE61D98901A00BBB480 /* StationsDataService.swift in Sources */ = {isa = PBXBuildFile; fileRef = D11DDDE51D98901A00BBB480 /* StationsDataService.swift */; };
		D11DDDE91D98906700BBB480 /* StationTests.swift in Sources */ = {isa = PBXBuildFile; fileRef = D11DDDE81D98906700BBB480 /* StationTests.swift */; };
		D1341E231C9DE190008F9343 /* SettingsAboutTableViewController.swift in Sources */ = {isa = PBXBuildFile; fileRef = D1341E221C9DE190008F9343 /* SettingsAboutTableViewController.swift */; };
		D146DE6D1C9F40CD00083A9C /* PrivacyPolicy.txt in Resources */ = {isa = PBXBuildFile; fileRef = D146DE6C1C9F40CD00083A9C /* PrivacyPolicy.txt */; };
		D146DE6F1C9F419C00083A9C /* SettingsAboutPrivacyPolicyTableViewController.swift in Sources */ = {isa = PBXBuildFile; fileRef = D146DE6E1C9F419C00083A9C /* SettingsAboutPrivacyPolicyTableViewController.swift */; };
		D14957FA1DB30CFC0038A615 /* NotificationCenter.framework in Frameworks */ = {isa = PBXBuildFile; fileRef = D14957F91DB30CFC0038A615 /* NotificationCenter.framework */; };
		D14957FD1DB30CFC0038A615 /* TodayViewController.swift in Sources */ = {isa = PBXBuildFile; fileRef = D14957FC1DB30CFC0038A615 /* TodayViewController.swift */; };
		D14958001DB30CFC0038A615 /* MainInterface.storyboard in Resources */ = {isa = PBXBuildFile; fileRef = D14957FE1DB30CFC0038A615 /* MainInterface.storyboard */; };
		D14958041DB30CFC0038A615 /* BikeBuddyWidget.appex in Embed App Extensions */ = {isa = PBXBuildFile; fileRef = D14957F81DB30CFB0038A615 /* BikeBuddyWidget.appex */; settings = {ATTRIBUTES = (RemoveHeadersOnCopy, ); }; };
		D149580A1DB30EAC0038A615 /* BikeBuddyKit.framework in Frameworks */ = {isa = PBXBuildFile; fileRef = D18F4B0A1D9225FC00972AF2 /* BikeBuddyKit.framework */; };
		D149580C1DB317AE0038A615 /* CoreLocation.framework in Frameworks */ = {isa = PBXBuildFile; fileRef = D149580B1DB317AE0038A615 /* CoreLocation.framework */; };
		D149580E1DB3BAC10038A615 /* ProgressHUDService.swift in Sources */ = {isa = PBXBuildFile; fileRef = D149580D1DB3BAC10038A615 /* ProgressHUDService.swift */; };
		D149580F1DB3BAEA0038A615 /* SVProgressHUD.framework in Frameworks */ = {isa = PBXBuildFile; fileRef = D1BDB2191BE573C000C38DEB /* SVProgressHUD.framework */; };
		D14958111DB3BD120038A615 /* Answers.framework in Frameworks */ = {isa = PBXBuildFile; fileRef = D1E551141CA33C4A002561BB /* Answers.framework */; };
		D14958121DB3BD120038A615 /* Crashlytics.framework in Frameworks */ = {isa = PBXBuildFile; fileRef = D1E551171CA33D5B002561BB /* Crashlytics.framework */; };
		D14958131DB3BD120038A615 /* Fabric.framework in Frameworks */ = {isa = PBXBuildFile; fileRef = D1E551131CA33C4A002561BB /* Fabric.framework */; };
		D14C281B1DDD4174008D4DB4 /* DZNEmptyDataSet.framework in Frameworks */ = {isa = PBXBuildFile; fileRef = D14C281A1DDD4174008D4DB4 /* DZNEmptyDataSet.framework */; };
		D14C281F1DDD4C2C008D4DB4 /* CLLocationCoordinate2D_BikeBuddyExt.swift in Sources */ = {isa = PBXBuildFile; fileRef = D14C281E1DDD4C2C008D4DB4 /* CLLocationCoordinate2D_BikeBuddyExt.swift */; };
		D14D9C4D1DB83780008D0656 /* Localizable.strings in Resources */ = {isa = PBXBuildFile; fileRef = D14D9C4C1DB83780008D0656 /* Localizable.strings */; };
		D14D9C511DB839EC008D0656 /* StringsService.swift in Sources */ = {isa = PBXBuildFile; fileRef = D14D9C501DB839EC008D0656 /* StringsService.swift */; };
		D17C7C441B24DAE600509916 /* FTUWelcomeViewController.swift in Sources */ = {isa = PBXBuildFile; fileRef = D17C7C431B24DAE600509916 /* FTUWelcomeViewController.swift */; };
		D188CCED1DA1E88B0053BB78 /* AnalyticsService.swift in Sources */ = {isa = PBXBuildFile; fileRef = D188CCEC1DA1E88B0053BB78 /* AnalyticsService.swift */; };
		D18F4B131D9225FC00972AF2 /* BikeBuddyKit.framework in Frameworks */ = {isa = PBXBuildFile; fileRef = D18F4B0A1D9225FC00972AF2 /* BikeBuddyKit.framework */; };
		D18F4B181D9225FC00972AF2 /* BikeBuddyKitTests.swift in Sources */ = {isa = PBXBuildFile; fileRef = D18F4B171D9225FC00972AF2 /* BikeBuddyKitTests.swift */; };
		D18F4B1A1D9225FC00972AF2 /* BikeBuddyKit.h in Headers */ = {isa = PBXBuildFile; fileRef = D18F4B0C1D9225FC00972AF2 /* BikeBuddyKit.h */; settings = {ATTRIBUTES = (Public, ); }; };
		D18F4B221D92261700972AF2 /* Constants.swift in Sources */ = {isa = PBXBuildFile; fileRef = D18F4B211D92261700972AF2 /* Constants.swift */; };
		D18F4B261D92266E00972AF2 /* UIApplication_BikeBuddyExt.swift in Sources */ = {isa = PBXBuildFile; fileRef = D18F4B251D92266E00972AF2 /* UIApplication_BikeBuddyExt.swift */; };
		D18F4B281D92268C00972AF2 /* UIColor_BikeBuddyExt.swift in Sources */ = {isa = PBXBuildFile; fileRef = D18F4B271D92268C00972AF2 /* UIColor_BikeBuddyExt.swift */; };
		D18F4B2A1D9226A100972AF2 /* UILabel_BikeBuddyExt.swift in Sources */ = {isa = PBXBuildFile; fileRef = D18F4B291D9226A100972AF2 /* UILabel_BikeBuddyExt.swift */; };
		D18F4B311D92291600972AF2 /* SystemConfiguration.framework in Frameworks */ = {isa = PBXBuildFile; fileRef = D1F7B7FB1BACE2B600D6732C /* SystemConfiguration.framework */; };
		D18F4B331D922A9500972AF2 /* ThemeService.swift in Sources */ = {isa = PBXBuildFile; fileRef = D18F4B321D922A9500972AF2 /* ThemeService.swift */; };
		D1920CD41DE660CE003FBCB4 /* CityBikesNetworkDetailResponse.swift in Sources */ = {isa = PBXBuildFile; fileRef = D1920CD31DE660CE003FBCB4 /* CityBikesNetworkDetailResponse.swift */; };
		D1920CD61DE66103003FBCB4 /* Network.swift in Sources */ = {isa = PBXBuildFile; fileRef = D1920CD51DE66103003FBCB4 /* Network.swift */; };
		D1920CD81DE66180003FBCB4 /* Location.swift in Sources */ = {isa = PBXBuildFile; fileRef = D1920CD71DE66180003FBCB4 /* Location.swift */; };
		D1920CDA1DE6628D003FBCB4 /* StationExtra.swift in Sources */ = {isa = PBXBuildFile; fileRef = D1920CD91DE6628D003FBCB4 /* StationExtra.swift */; };
		D1920CDC1DE66450003FBCB4 /* NetworksDataService.swift in Sources */ = {isa = PBXBuildFile; fileRef = D1920CDB1DE66450003FBCB4 /* NetworksDataService.swift */; };
		D1920CDE1DE66497003FBCB4 /* CityBikesNetworksResponse.swift in Sources */ = {isa = PBXBuildFile; fileRef = D1920CDD1DE66497003FBCB4 /* CityBikesNetworksResponse.swift */; };
		D1920CE01DE75428003FBCB4 /* CountryCleanupService.swift in Sources */ = {isa = PBXBuildFile; fileRef = D1920CDF1DE75428003FBCB4 /* CountryCleanupService.swift */; };
		D1920CE51DE75E42003FBCB4 /* SettingsSelectNetworkViewController.swift in Sources */ = {isa = PBXBuildFile; fileRef = D1920CE41DE75E42003FBCB4 /* SettingsSelectNetworkViewController.swift */; };
		D1920CE71DE871C0003FBCB4 /* Networks.swift in Sources */ = {isa = PBXBuildFile; fileRef = D1920CE61DE871C0003FBCB4 /* Networks.swift */; };
		D194CA641C9D7E3F0028BDB7 /* StationDetailTableViewController.swift in Sources */ = {isa = PBXBuildFile; fileRef = D194CA631C9D7E3F0028BDB7 /* StationDetailTableViewController.swift */; };
		D19FEA521DED0C2B00EA198B /* FTUSelectNetworkTableViewController.swift in Sources */ = {isa = PBXBuildFile; fileRef = D19FEA511DED0C2B00EA198B /* FTUSelectNetworkTableViewController.swift */; };
		D1B6DD1D1C9EC3E3008543A3 /* BikeBuddySnapshotTests.swift in Sources */ = {isa = PBXBuildFile; fileRef = D1B6DD1C1C9EC3E3008543A3 /* BikeBuddySnapshotTests.swift */; };
		D1B6DD261C9EC436008543A3 /* SnapshotHelper.swift in Sources */ = {isa = PBXBuildFile; fileRef = D1B6DD251C9EC436008543A3 /* SnapshotHelper.swift */; };
		D1C4D76A1CEFC163001982F3 /* StationListSectionHeaderCell.swift in Sources */ = {isa = PBXBuildFile; fileRef = D1C4D7691CEFC163001982F3 /* StationListSectionHeaderCell.swift */; };
		D1D98EFB1DE9C789000A226E /* CityBikes_Networks_API_Response.json in Resources */ = {isa = PBXBuildFile; fileRef = D1D98EFA1DE9C789000A226E /* CityBikes_Networks_API_Response.json */; };
		D1D98EFD1DE9C80E000A226E /* CityBikes_Network_Detail_API_Response.json in Resources */ = {isa = PBXBuildFile; fileRef = D1D98EFC1DE9C80E000A226E /* CityBikes_Network_Detail_API_Response.json */; };
		D1DD8BC41DA327C400DED913 /* BikeBuddyKit.framework in Frameworks */ = {isa = PBXBuildFile; fileRef = D18F4B0A1D9225FC00972AF2 /* BikeBuddyKit.framework */; };
		D1DD8BC51DA327C400DED913 /* BikeBuddyKit.framework in Embed Frameworks */ = {isa = PBXBuildFile; fileRef = D18F4B0A1D9225FC00972AF2 /* BikeBuddyKit.framework */; settings = {ATTRIBUTES = (CodeSignOnCopy, RemoveHeadersOnCopy, ); }; };
		D1E509D21DAC8F36007D918A /* Alamofire.framework in Frameworks */ = {isa = PBXBuildFile; fileRef = C5E873321B10A5BA00217C93 /* Alamofire.framework */; };
		D1E509D31DAC8F36007D918A /* AlamofireObjectMapper.framework in Frameworks */ = {isa = PBXBuildFile; fileRef = D1BDB2111BE548BA00C38DEB /* AlamofireObjectMapper.framework */; };
		D1E509D41DAC8F36007D918A /* ObjectMapper.framework in Frameworks */ = {isa = PBXBuildFile; fileRef = D1BDB2121BE548BA00C38DEB /* ObjectMapper.framework */; };
		D1E551151CA33C4A002561BB /* Fabric.framework in Frameworks */ = {isa = PBXBuildFile; fileRef = D1E551131CA33C4A002561BB /* Fabric.framework */; };
		D1E551181CA33D5B002561BB /* Crashlytics.framework in Frameworks */ = {isa = PBXBuildFile; fileRef = D1E551171CA33D5B002561BB /* Crashlytics.framework */; };
/* End PBXBuildFile section */

/* Begin PBXContainerItemProxy section */
		D14958021DB30CFC0038A615 /* PBXContainerItemProxy */ = {
			isa = PBXContainerItemProxy;
			containerPortal = C516EFDD1B0CE6CB00CF4468 /* Project object */;
			proxyType = 1;
			remoteGlobalIDString = D14957F71DB30CFB0038A615;
			remoteInfo = BikeBuddyWidget;
		};
		D18F4B141D9225FC00972AF2 /* PBXContainerItemProxy */ = {
			isa = PBXContainerItemProxy;
			containerPortal = C516EFDD1B0CE6CB00CF4468 /* Project object */;
			proxyType = 1;
			remoteGlobalIDString = D18F4B091D9225FC00972AF2;
			remoteInfo = BikeBuddyKit;
		};
		D1B6DD1F1C9EC3E3008543A3 /* PBXContainerItemProxy */ = {
			isa = PBXContainerItemProxy;
			containerPortal = C516EFDD1B0CE6CB00CF4468 /* Project object */;
			proxyType = 1;
			remoteGlobalIDString = C516EFE41B0CE6CB00CF4468;
			remoteInfo = "Bike Buddy";
		};
		D1DD8BC11DA1F96200DED913 /* PBXContainerItemProxy */ = {
			isa = PBXContainerItemProxy;
			containerPortal = C516EFDD1B0CE6CB00CF4468 /* Project object */;
			proxyType = 1;
			remoteGlobalIDString = D18F4B091D9225FC00972AF2;
			remoteInfo = BikeBuddyKit;
		};
/* End PBXContainerItemProxy section */

/* Begin PBXCopyFilesBuildPhase section */
		D14958081DB30CFC0038A615 /* Embed App Extensions */ = {
			isa = PBXCopyFilesBuildPhase;
			buildActionMask = 2147483647;
			dstPath = "";
			dstSubfolderSpec = 13;
			files = (
				D14958041DB30CFC0038A615 /* BikeBuddyWidget.appex in Embed App Extensions */,
			);
			name = "Embed App Extensions";
			runOnlyForDeploymentPostprocessing = 0;
		};
		D1DD8BC61DA327C400DED913 /* Embed Frameworks */ = {
			isa = PBXCopyFilesBuildPhase;
			buildActionMask = 2147483647;
			dstPath = "";
			dstSubfolderSpec = 10;
			files = (
				D1DD8BC51DA327C400DED913 /* BikeBuddyKit.framework in Embed Frameworks */,
			);
			name = "Embed Frameworks";
			runOnlyForDeploymentPostprocessing = 0;
		};
/* End PBXCopyFilesBuildPhase section */

/* Begin PBXFileReference section */
		C516EFE51B0CE6CB00CF4468 /* Bike Buddy.app */ = {isa = PBXFileReference; explicitFileType = wrapper.application; includeInIndex = 0; path = "Bike Buddy.app"; sourceTree = BUILT_PRODUCTS_DIR; };
		C516EFE91B0CE6CB00CF4468 /* Info.plist */ = {isa = PBXFileReference; lastKnownFileType = text.plist.xml; path = Info.plist; sourceTree = "<group>"; };
		C516EFEA1B0CE6CB00CF4468 /* AppDelegate.swift */ = {isa = PBXFileReference; lastKnownFileType = sourcecode.swift; path = AppDelegate.swift; sourceTree = "<group>"; };
		C516EFF11B0CE6CB00CF4468 /* Base */ = {isa = PBXFileReference; lastKnownFileType = file.storyboard; name = Base; path = Base.lproj/Main.storyboard; sourceTree = "<group>"; };
		C516EFF31B0CE6CB00CF4468 /* Images.xcassets */ = {isa = PBXFileReference; lastKnownFileType = folder.assetcatalog; path = Images.xcassets; sourceTree = "<group>"; };
		C516EFF61B0CE6CB00CF4468 /* Base */ = {isa = PBXFileReference; lastKnownFileType = file.xib; name = Base; path = Base.lproj/LaunchScreen.xib; sourceTree = "<group>"; };
		C516F00C1B0CE79100CF4468 /* SettingsTableViewController.swift */ = {isa = PBXFileReference; fileEncoding = 4; lastKnownFileType = sourcecode.swift; path = SettingsTableViewController.swift; sourceTree = "<group>"; };
		C516F00E1B0CE7EB00CF4468 /* StationsListTableViewController.swift */ = {isa = PBXFileReference; fileEncoding = 4; lastKnownFileType = sourcecode.swift; path = StationsListTableViewController.swift; sourceTree = "<group>"; };
		C516F0101B0CE80F00CF4468 /* MapViewController.swift */ = {isa = PBXFileReference; fileEncoding = 4; lastKnownFileType = sourcecode.swift; path = MapViewController.swift; sourceTree = "<group>"; };
		C516F01A1B0DAA7C00CF4468 /* MapKit.framework */ = {isa = PBXFileReference; lastKnownFileType = wrapper.framework; name = MapKit.framework; path = System/Library/Frameworks/MapKit.framework; sourceTree = SDKROOT; };
		C5328C081B0E262100B47840 /* BikeBuddy-Bridging-Header.h */ = {isa = PBXFileReference; lastKnownFileType = sourcecode.c.h; path = "BikeBuddy-Bridging-Header.h"; sourceTree = "<group>"; };
		C5721B4A1B5A7A58009C5EFF /* Accounts.framework */ = {isa = PBXFileReference; lastKnownFileType = wrapper.framework; name = Accounts.framework; path = System/Library/Frameworks/Accounts.framework; sourceTree = SDKROOT; };
		C5721B4B1B5A7A58009C5EFF /* Social.framework */ = {isa = PBXFileReference; lastKnownFileType = wrapper.framework; name = Social.framework; path = System/Library/Frameworks/Social.framework; sourceTree = SDKROOT; };
		C5721B4C1B5A7A58009C5EFF /* Twitter.framework */ = {isa = PBXFileReference; lastKnownFileType = wrapper.framework; name = Twitter.framework; path = System/Library/Frameworks/Twitter.framework; sourceTree = SDKROOT; };
		C5C215871B0F76F000FEB01C /* FirstTimeUse.storyboard */ = {isa = PBXFileReference; fileEncoding = 4; lastKnownFileType = file.storyboard; path = FirstTimeUse.storyboard; sourceTree = "<group>"; };
		C5C2A8AC1B62858500B3FD65 /* MainTabViewController.swift */ = {isa = PBXFileReference; fileEncoding = 4; lastKnownFileType = sourcecode.swift; path = MainTabViewController.swift; sourceTree = "<group>"; };
		C5E8732A1B1097AA00217C93 /* FTULocationAccessViewController.swift */ = {isa = PBXFileReference; fileEncoding = 4; lastKnownFileType = sourcecode.swift; path = FTULocationAccessViewController.swift; sourceTree = "<group>"; };
		C5E8732C1B109B2A00217C93 /* FTUFinishedViewController.swift */ = {isa = PBXFileReference; fileEncoding = 4; lastKnownFileType = sourcecode.swift; path = FTUFinishedViewController.swift; sourceTree = "<group>"; };
		C5E873321B10A5BA00217C93 /* Alamofire.framework */ = {isa = PBXFileReference; lastKnownFileType = wrapper.framework; name = Alamofire.framework; path = Carthage/Build/iOS/Alamofire.framework; sourceTree = "<group>"; };
		D10242F91B21137F00FCB923 /* SettingsNumberOfClosestStationsTableViewController.swift */ = {isa = PBXFileReference; fileEncoding = 4; lastKnownFileType = sourcecode.swift; path = SettingsNumberOfClosestStationsTableViewController.swift; sourceTree = "<group>"; };
		D111F4621CD99453003F3609 /* StationTableViewCell.swift */ = {isa = PBXFileReference; fileEncoding = 4; lastKnownFileType = sourcecode.swift; path = StationTableViewCell.swift; sourceTree = "<group>"; };
		D11DDDDD1D988E0300BBB480 /* Station.swift */ = {isa = PBXFileReference; fileEncoding = 4; lastKnownFileType = sourcecode.swift; path = Station.swift; sourceTree = "<group>"; };
		D11DDDE11D988F3400BBB480 /* Stations.swift */ = {isa = PBXFileReference; fileEncoding = 4; lastKnownFileType = sourcecode.swift; path = Stations.swift; sourceTree = "<group>"; };
		D11DDDE31D988F7D00BBB480 /* SetingsService.swift */ = {isa = PBXFileReference; fileEncoding = 4; lastKnownFileType = sourcecode.swift; path = SetingsService.swift; sourceTree = "<group>"; };
		D11DDDE51D98901A00BBB480 /* StationsDataService.swift */ = {isa = PBXFileReference; fileEncoding = 4; lastKnownFileType = sourcecode.swift; path = StationsDataService.swift; sourceTree = "<group>"; };
		D11DDDE81D98906700BBB480 /* StationTests.swift */ = {isa = PBXFileReference; fileEncoding = 4; lastKnownFileType = sourcecode.swift; path = StationTests.swift; sourceTree = "<group>"; };
		D1341E221C9DE190008F9343 /* SettingsAboutTableViewController.swift */ = {isa = PBXFileReference; fileEncoding = 4; lastKnownFileType = sourcecode.swift; path = SettingsAboutTableViewController.swift; sourceTree = "<group>"; };
		D146DE6C1C9F40CD00083A9C /* PrivacyPolicy.txt */ = {isa = PBXFileReference; fileEncoding = 4; lastKnownFileType = text; path = PrivacyPolicy.txt; sourceTree = "<group>"; };
		D146DE6E1C9F419C00083A9C /* SettingsAboutPrivacyPolicyTableViewController.swift */ = {isa = PBXFileReference; fileEncoding = 4; lastKnownFileType = sourcecode.swift; path = SettingsAboutPrivacyPolicyTableViewController.swift; sourceTree = "<group>"; };
		D14957F31DB2B2370038A615 /* Bike Buddy.entitlements */ = {isa = PBXFileReference; lastKnownFileType = text.plist.entitlements; path = "Bike Buddy.entitlements"; sourceTree = "<group>"; };
		D14957F81DB30CFB0038A615 /* BikeBuddyWidget.appex */ = {isa = PBXFileReference; explicitFileType = "wrapper.app-extension"; includeInIndex = 0; path = BikeBuddyWidget.appex; sourceTree = BUILT_PRODUCTS_DIR; };
		D14957F91DB30CFC0038A615 /* NotificationCenter.framework */ = {isa = PBXFileReference; lastKnownFileType = wrapper.framework; name = NotificationCenter.framework; path = System/Library/Frameworks/NotificationCenter.framework; sourceTree = SDKROOT; };
		D14957FC1DB30CFC0038A615 /* TodayViewController.swift */ = {isa = PBXFileReference; lastKnownFileType = sourcecode.swift; path = TodayViewController.swift; sourceTree = "<group>"; };
		D14957FF1DB30CFC0038A615 /* Base */ = {isa = PBXFileReference; lastKnownFileType = file.storyboard; name = Base; path = Base.lproj/MainInterface.storyboard; sourceTree = "<group>"; };
		D14958011DB30CFC0038A615 /* Info.plist */ = {isa = PBXFileReference; lastKnownFileType = text.plist.xml; path = Info.plist; sourceTree = "<group>"; };
		D14958091DB30E850038A615 /* BikeBuddyWidget.entitlements */ = {isa = PBXFileReference; lastKnownFileType = text.plist.entitlements; path = BikeBuddyWidget.entitlements; sourceTree = "<group>"; };
		D149580B1DB317AE0038A615 /* CoreLocation.framework */ = {isa = PBXFileReference; lastKnownFileType = wrapper.framework; name = CoreLocation.framework; path = System/Library/Frameworks/CoreLocation.framework; sourceTree = SDKROOT; };
		D149580D1DB3BAC10038A615 /* ProgressHUDService.swift */ = {isa = PBXFileReference; fileEncoding = 4; lastKnownFileType = sourcecode.swift; path = ProgressHUDService.swift; sourceTree = "<group>"; };
		D14C281A1DDD4174008D4DB4 /* DZNEmptyDataSet.framework */ = {isa = PBXFileReference; lastKnownFileType = wrapper.framework; name = DZNEmptyDataSet.framework; path = Carthage/Build/iOS/DZNEmptyDataSet.framework; sourceTree = "<group>"; };
		D14C281E1DDD4C2C008D4DB4 /* CLLocationCoordinate2D_BikeBuddyExt.swift */ = {isa = PBXFileReference; fileEncoding = 4; lastKnownFileType = sourcecode.swift; path = CLLocationCoordinate2D_BikeBuddyExt.swift; sourceTree = "<group>"; };
		D14D9C4C1DB83780008D0656 /* Localizable.strings */ = {isa = PBXFileReference; fileEncoding = 4; lastKnownFileType = text.plist.strings; path = Localizable.strings; sourceTree = "<group>"; };
		D14D9C501DB839EC008D0656 /* StringsService.swift */ = {isa = PBXFileReference; fileEncoding = 4; lastKnownFileType = sourcecode.swift; path = StringsService.swift; sourceTree = "<group>"; };
		D17C7C431B24DAE600509916 /* FTUWelcomeViewController.swift */ = {isa = PBXFileReference; fileEncoding = 4; lastKnownFileType = sourcecode.swift; path = FTUWelcomeViewController.swift; sourceTree = "<group>"; };
		D188CCEC1DA1E88B0053BB78 /* AnalyticsService.swift */ = {isa = PBXFileReference; fileEncoding = 4; lastKnownFileType = sourcecode.swift; path = AnalyticsService.swift; sourceTree = "<group>"; };
		D18F4B0A1D9225FC00972AF2 /* BikeBuddyKit.framework */ = {isa = PBXFileReference; explicitFileType = wrapper.framework; includeInIndex = 0; path = BikeBuddyKit.framework; sourceTree = BUILT_PRODUCTS_DIR; };
		D18F4B0C1D9225FC00972AF2 /* BikeBuddyKit.h */ = {isa = PBXFileReference; lastKnownFileType = sourcecode.c.h; path = BikeBuddyKit.h; sourceTree = "<group>"; };
		D18F4B0D1D9225FC00972AF2 /* Info.plist */ = {isa = PBXFileReference; lastKnownFileType = text.plist.xml; path = Info.plist; sourceTree = "<group>"; };
		D18F4B121D9225FC00972AF2 /* BikeBuddyKitTests.xctest */ = {isa = PBXFileReference; explicitFileType = wrapper.cfbundle; includeInIndex = 0; path = BikeBuddyKitTests.xctest; sourceTree = BUILT_PRODUCTS_DIR; };
		D18F4B171D9225FC00972AF2 /* BikeBuddyKitTests.swift */ = {isa = PBXFileReference; lastKnownFileType = sourcecode.swift; path = BikeBuddyKitTests.swift; sourceTree = "<group>"; };
		D18F4B191D9225FC00972AF2 /* Info.plist */ = {isa = PBXFileReference; lastKnownFileType = text.plist.xml; path = Info.plist; sourceTree = "<group>"; };
		D18F4B211D92261700972AF2 /* Constants.swift */ = {isa = PBXFileReference; fileEncoding = 4; lastKnownFileType = sourcecode.swift; path = Constants.swift; sourceTree = "<group>"; };
		D18F4B251D92266E00972AF2 /* UIApplication_BikeBuddyExt.swift */ = {isa = PBXFileReference; fileEncoding = 4; lastKnownFileType = sourcecode.swift; path = UIApplication_BikeBuddyExt.swift; sourceTree = "<group>"; };
		D18F4B271D92268C00972AF2 /* UIColor_BikeBuddyExt.swift */ = {isa = PBXFileReference; fileEncoding = 4; lastKnownFileType = sourcecode.swift; path = UIColor_BikeBuddyExt.swift; sourceTree = "<group>"; };
		D18F4B291D9226A100972AF2 /* UILabel_BikeBuddyExt.swift */ = {isa = PBXFileReference; fileEncoding = 4; lastKnownFileType = sourcecode.swift; path = UILabel_BikeBuddyExt.swift; sourceTree = "<group>"; };
		D18F4B321D922A9500972AF2 /* ThemeService.swift */ = {isa = PBXFileReference; fileEncoding = 4; lastKnownFileType = sourcecode.swift; path = ThemeService.swift; sourceTree = "<group>"; };
		D1920CD31DE660CE003FBCB4 /* CityBikesNetworkDetailResponse.swift */ = {isa = PBXFileReference; fileEncoding = 4; lastKnownFileType = sourcecode.swift; path = CityBikesNetworkDetailResponse.swift; sourceTree = "<group>"; };
		D1920CD51DE66103003FBCB4 /* Network.swift */ = {isa = PBXFileReference; fileEncoding = 4; lastKnownFileType = sourcecode.swift; path = Network.swift; sourceTree = "<group>"; };
		D1920CD71DE66180003FBCB4 /* Location.swift */ = {isa = PBXFileReference; fileEncoding = 4; lastKnownFileType = sourcecode.swift; path = Location.swift; sourceTree = "<group>"; };
		D1920CD91DE6628D003FBCB4 /* StationExtra.swift */ = {isa = PBXFileReference; fileEncoding = 4; lastKnownFileType = sourcecode.swift; path = StationExtra.swift; sourceTree = "<group>"; };
		D1920CDB1DE66450003FBCB4 /* NetworksDataService.swift */ = {isa = PBXFileReference; fileEncoding = 4; lastKnownFileType = sourcecode.swift; path = NetworksDataService.swift; sourceTree = "<group>"; };
		D1920CDD1DE66497003FBCB4 /* CityBikesNetworksResponse.swift */ = {isa = PBXFileReference; fileEncoding = 4; lastKnownFileType = sourcecode.swift; path = CityBikesNetworksResponse.swift; sourceTree = "<group>"; };
		D1920CDF1DE75428003FBCB4 /* CountryCleanupService.swift */ = {isa = PBXFileReference; fileEncoding = 4; lastKnownFileType = sourcecode.swift; path = CountryCleanupService.swift; sourceTree = "<group>"; };
		D1920CE41DE75E42003FBCB4 /* SettingsSelectNetworkViewController.swift */ = {isa = PBXFileReference; fileEncoding = 4; lastKnownFileType = sourcecode.swift; path = SettingsSelectNetworkViewController.swift; sourceTree = "<group>"; };
		D1920CE61DE871C0003FBCB4 /* Networks.swift */ = {isa = PBXFileReference; fileEncoding = 4; lastKnownFileType = sourcecode.swift; path = Networks.swift; sourceTree = "<group>"; };
		D194CA631C9D7E3F0028BDB7 /* StationDetailTableViewController.swift */ = {isa = PBXFileReference; fileEncoding = 4; lastKnownFileType = sourcecode.swift; path = StationDetailTableViewController.swift; sourceTree = "<group>"; };
		D19FEA511DED0C2B00EA198B /* FTUSelectNetworkTableViewController.swift */ = {isa = PBXFileReference; fileEncoding = 4; lastKnownFileType = sourcecode.swift; path = FTUSelectNetworkTableViewController.swift; sourceTree = "<group>"; };
		D1B6DD1A1C9EC3E3008543A3 /* Bike BuddyUITests.xctest */ = {isa = PBXFileReference; explicitFileType = wrapper.cfbundle; includeInIndex = 0; path = "Bike BuddyUITests.xctest"; sourceTree = BUILT_PRODUCTS_DIR; };
		D1B6DD1C1C9EC3E3008543A3 /* BikeBuddySnapshotTests.swift */ = {isa = PBXFileReference; lastKnownFileType = sourcecode.swift; path = BikeBuddySnapshotTests.swift; sourceTree = "<group>"; };
		D1B6DD1E1C9EC3E3008543A3 /* Info.plist */ = {isa = PBXFileReference; lastKnownFileType = text.plist.xml; path = Info.plist; sourceTree = "<group>"; };
		D1B6DD251C9EC436008543A3 /* SnapshotHelper.swift */ = {isa = PBXFileReference; fileEncoding = 4; lastKnownFileType = sourcecode.swift; name = SnapshotHelper.swift; path = fastlane/SnapshotHelper.swift; sourceTree = SOURCE_ROOT; };
		D1BDB2111BE548BA00C38DEB /* AlamofireObjectMapper.framework */ = {isa = PBXFileReference; lastKnownFileType = wrapper.framework; name = AlamofireObjectMapper.framework; path = Carthage/Build/iOS/AlamofireObjectMapper.framework; sourceTree = "<group>"; };
		D1BDB2121BE548BA00C38DEB /* ObjectMapper.framework */ = {isa = PBXFileReference; lastKnownFileType = wrapper.framework; name = ObjectMapper.framework; path = Carthage/Build/iOS/ObjectMapper.framework; sourceTree = "<group>"; };
		D1BDB2191BE573C000C38DEB /* SVProgressHUD.framework */ = {isa = PBXFileReference; lastKnownFileType = wrapper.framework; name = SVProgressHUD.framework; path = Carthage/Build/iOS/SVProgressHUD.framework; sourceTree = "<group>"; };
		D1C4D7691CEFC163001982F3 /* StationListSectionHeaderCell.swift */ = {isa = PBXFileReference; fileEncoding = 4; lastKnownFileType = sourcecode.swift; path = StationListSectionHeaderCell.swift; sourceTree = "<group>"; };
		D1D98EFA1DE9C789000A226E /* CityBikes_Networks_API_Response.json */ = {isa = PBXFileReference; fileEncoding = 4; lastKnownFileType = text.json; path = CityBikes_Networks_API_Response.json; sourceTree = "<group>"; };
		D1D98EFC1DE9C80E000A226E /* CityBikes_Network_Detail_API_Response.json */ = {isa = PBXFileReference; fileEncoding = 4; lastKnownFileType = text.json; path = CityBikes_Network_Detail_API_Response.json; sourceTree = "<group>"; };
		D1E551131CA33C4A002561BB /* Fabric.framework */ = {isa = PBXFileReference; lastKnownFileType = wrapper.framework; path = Fabric.framework; sourceTree = "<group>"; };
		D1E551141CA33C4A002561BB /* Answers.framework */ = {isa = PBXFileReference; lastKnownFileType = wrapper.framework; path = Answers.framework; sourceTree = "<group>"; };
		D1E551171CA33D5B002561BB /* Crashlytics.framework */ = {isa = PBXFileReference; lastKnownFileType = wrapper.framework; path = Crashlytics.framework; sourceTree = "<group>"; };
		D1F7B7FB1BACE2B600D6732C /* SystemConfiguration.framework */ = {isa = PBXFileReference; lastKnownFileType = wrapper.framework; name = SystemConfiguration.framework; path = System/Library/Frameworks/SystemConfiguration.framework; sourceTree = SDKROOT; };
/* End PBXFileReference section */

/* Begin PBXFrameworksBuildPhase section */
		C516EFE21B0CE6CB00CF4468 /* Frameworks */ = {
			isa = PBXFrameworksBuildPhase;
			buildActionMask = 2147483647;
			files = (
				D14C281B1DDD4174008D4DB4 /* DZNEmptyDataSet.framework in Frameworks */,
				D149580F1DB3BAEA0038A615 /* SVProgressHUD.framework in Frameworks */,
				D1E551151CA33C4A002561BB /* Fabric.framework in Frameworks */,
				C516F01B1B0DAA7C00CF4468 /* MapKit.framework in Frameworks */,
				D1DD8BC41DA327C400DED913 /* BikeBuddyKit.framework in Frameworks */,
				D1E551181CA33D5B002561BB /* Crashlytics.framework in Frameworks */,
			);
			runOnlyForDeploymentPostprocessing = 0;
		};
		D14957F51DB30CFB0038A615 /* Frameworks */ = {
			isa = PBXFrameworksBuildPhase;
			buildActionMask = 2147483647;
			files = (
				D14958111DB3BD120038A615 /* Answers.framework in Frameworks */,
				D14958121DB3BD120038A615 /* Crashlytics.framework in Frameworks */,
				D14958131DB3BD120038A615 /* Fabric.framework in Frameworks */,
				D149580C1DB317AE0038A615 /* CoreLocation.framework in Frameworks */,
				D149580A1DB30EAC0038A615 /* BikeBuddyKit.framework in Frameworks */,
				D14957FA1DB30CFC0038A615 /* NotificationCenter.framework in Frameworks */,
			);
			runOnlyForDeploymentPostprocessing = 0;
		};
		D18F4B061D9225FC00972AF2 /* Frameworks */ = {
			isa = PBXFrameworksBuildPhase;
			buildActionMask = 2147483647;
			files = (
				D1E509D21DAC8F36007D918A /* Alamofire.framework in Frameworks */,
				D1E509D31DAC8F36007D918A /* AlamofireObjectMapper.framework in Frameworks */,
				D1E509D41DAC8F36007D918A /* ObjectMapper.framework in Frameworks */,
				D18F4B311D92291600972AF2 /* SystemConfiguration.framework in Frameworks */,
			);
			runOnlyForDeploymentPostprocessing = 0;
		};
		D18F4B0F1D9225FC00972AF2 /* Frameworks */ = {
			isa = PBXFrameworksBuildPhase;
			buildActionMask = 2147483647;
			files = (
				D18F4B131D9225FC00972AF2 /* BikeBuddyKit.framework in Frameworks */,
			);
			runOnlyForDeploymentPostprocessing = 0;
		};
		D1B6DD171C9EC3E3008543A3 /* Frameworks */ = {
			isa = PBXFrameworksBuildPhase;
			buildActionMask = 2147483647;
			files = (
			);
			runOnlyForDeploymentPostprocessing = 0;
		};
/* End PBXFrameworksBuildPhase section */

/* Begin PBXGroup section */
		C516EFDC1B0CE6CB00CF4468 = {
			isa = PBXGroup;
			children = (
				C516EFE71B0CE6CB00CF4468 /* Bike Buddy */,
				D1B6DD1B1C9EC3E3008543A3 /* Bike BuddyUITests */,
				D18F4B0B1D9225FC00972AF2 /* BikeBuddyKit */,
				D18F4B161D9225FC00972AF2 /* BikeBuddyKitTests */,
				D14957FB1DB30CFC0038A615 /* BikeBuddyWidget */,
				C516EFE61B0CE6CB00CF4468 /* Products */,
				E9678157F4E75F6588D67B18 /* Frameworks */,
			);
			sourceTree = "<group>";
		};
		C516EFE61B0CE6CB00CF4468 /* Products */ = {
			isa = PBXGroup;
			children = (
				C516EFE51B0CE6CB00CF4468 /* Bike Buddy.app */,
				D1B6DD1A1C9EC3E3008543A3 /* Bike BuddyUITests.xctest */,
				D18F4B0A1D9225FC00972AF2 /* BikeBuddyKit.framework */,
				D18F4B121D9225FC00972AF2 /* BikeBuddyKitTests.xctest */,
				D14957F81DB30CFB0038A615 /* BikeBuddyWidget.appex */,
			);
			name = Products;
			sourceTree = "<group>";
		};
		C516EFE71B0CE6CB00CF4468 /* Bike Buddy */ = {
			isa = PBXGroup;
			children = (
				D14957F31DB2B2370038A615 /* Bike Buddy.entitlements */,
				D188CCEB1DA1E8680053BB78 /* Services */,
				C516F0131B0CEFF100CF4468 /* ViewControllers */,
				C516F0151B0CF01000CF4468 /* Views */,
				C516EFEA1B0CE6CB00CF4468 /* AppDelegate.swift */,
				C516EFE81B0CE6CB00CF4468 /* Supporting Files */,
			);
			path = "Bike Buddy";
			sourceTree = "<group>";
		};
		C516EFE81B0CE6CB00CF4468 /* Supporting Files */ = {
			isa = PBXGroup;
			children = (
				C516EFF31B0CE6CB00CF4468 /* Images.xcassets */,
				C516EFE91B0CE6CB00CF4468 /* Info.plist */,
				C5328C081B0E262100B47840 /* BikeBuddy-Bridging-Header.h */,
				D146DE6C1C9F40CD00083A9C /* PrivacyPolicy.txt */,
			);
			name = "Supporting Files";
			sourceTree = "<group>";
		};
		C516F0131B0CEFF100CF4468 /* ViewControllers */ = {
			isa = PBXGroup;
			children = (
				D17C7C431B24DAE600509916 /* FTUWelcomeViewController.swift */,
				C5E8732A1B1097AA00217C93 /* FTULocationAccessViewController.swift */,
				D19FEA511DED0C2B00EA198B /* FTUSelectNetworkTableViewController.swift */,
				C5E8732C1B109B2A00217C93 /* FTUFinishedViewController.swift */,
				C5C2A8AC1B62858500B3FD65 /* MainTabViewController.swift */,
				C516F0101B0CE80F00CF4468 /* MapViewController.swift */,
				C516F00E1B0CE7EB00CF4468 /* StationsListTableViewController.swift */,
				D194CA631C9D7E3F0028BDB7 /* StationDetailTableViewController.swift */,
				C516F00C1B0CE79100CF4468 /* SettingsTableViewController.swift */,
				D10242F91B21137F00FCB923 /* SettingsNumberOfClosestStationsTableViewController.swift */,
				D1341E221C9DE190008F9343 /* SettingsAboutTableViewController.swift */,
				D146DE6E1C9F419C00083A9C /* SettingsAboutPrivacyPolicyTableViewController.swift */,
				D1920CE41DE75E42003FBCB4 /* SettingsSelectNetworkViewController.swift */,
			);
			name = ViewControllers;
			sourceTree = "<group>";
		};
		C516F0151B0CF01000CF4468 /* Views */ = {
			isa = PBXGroup;
			children = (
				C516EFF01B0CE6CB00CF4468 /* Main.storyboard */,
				C5C215871B0F76F000FEB01C /* FirstTimeUse.storyboard */,
				C516EFF51B0CE6CB00CF4468 /* LaunchScreen.xib */,
				D111F4621CD99453003F3609 /* StationTableViewCell.swift */,
				D1C4D7691CEFC163001982F3 /* StationListSectionHeaderCell.swift */,
			);
			name = Views;
			sourceTree = "<group>";
		};
		D11DDDDA1D988DCC00BBB480 /* Models */ = {
			isa = PBXGroup;
			children = (
				D1920CD31DE660CE003FBCB4 /* CityBikesNetworkDetailResponse.swift */,
				D1920CDD1DE66497003FBCB4 /* CityBikesNetworksResponse.swift */,
				D11DDDDD1D988E0300BBB480 /* Station.swift */,
				D1920CD91DE6628D003FBCB4 /* StationExtra.swift */,
				D11DDDE11D988F3400BBB480 /* Stations.swift */,
				D1920CD51DE66103003FBCB4 /* Network.swift */,
				D1920CD71DE66180003FBCB4 /* Location.swift */,
				D1920CE61DE871C0003FBCB4 /* Networks.swift */,
			);
			name = Models;
			sourceTree = "<group>";
		};
		D11DDDE71D98905D00BBB480 /* Models */ = {
			isa = PBXGroup;
			children = (
				D11DDDE81D98906700BBB480 /* StationTests.swift */,
			);
			name = Models;
			sourceTree = "<group>";
		};
		D14957FB1DB30CFC0038A615 /* BikeBuddyWidget */ = {
			isa = PBXGroup;
			children = (
				D14958091DB30E850038A615 /* BikeBuddyWidget.entitlements */,
				D14957FC1DB30CFC0038A615 /* TodayViewController.swift */,
				D14957FE1DB30CFC0038A615 /* MainInterface.storyboard */,
				D14958011DB30CFC0038A615 /* Info.plist */,
			);
			path = BikeBuddyWidget;
			sourceTree = "<group>";
		};
		D188CCEB1DA1E8680053BB78 /* Services */ = {
			isa = PBXGroup;
			children = (
				D188CCEC1DA1E88B0053BB78 /* AnalyticsService.swift */,
				D149580D1DB3BAC10038A615 /* ProgressHUDService.swift */,
			);
			name = Services;
			sourceTree = "<group>";
		};
		D18F4B0B1D9225FC00972AF2 /* BikeBuddyKit */ = {
			isa = PBXGroup;
			children = (
				D18F4B241D92265C00972AF2 /* Class Extensions */,
				D18F4B2B1D92283D00972AF2 /* Services */,
				D11DDDDA1D988DCC00BBB480 /* Models */,
				D18F4B0C1D9225FC00972AF2 /* BikeBuddyKit.h */,
				D18F4B0D1D9225FC00972AF2 /* Info.plist */,
				D18F4B211D92261700972AF2 /* Constants.swift */,
				D1D98EF91DE9C76A000A226E /* Supporting Files */,
			);
			path = BikeBuddyKit;
			sourceTree = "<group>";
		};
		D18F4B161D9225FC00972AF2 /* BikeBuddyKitTests */ = {
			isa = PBXGroup;
			children = (
				D11DDDE71D98905D00BBB480 /* Models */,
				D18F4B171D9225FC00972AF2 /* BikeBuddyKitTests.swift */,
				D18F4B191D9225FC00972AF2 /* Info.plist */,
			);
			path = BikeBuddyKitTests;
			sourceTree = "<group>";
		};
		D18F4B241D92265C00972AF2 /* Class Extensions */ = {
			isa = PBXGroup;
			children = (
				D18F4B251D92266E00972AF2 /* UIApplication_BikeBuddyExt.swift */,
				D18F4B271D92268C00972AF2 /* UIColor_BikeBuddyExt.swift */,
				D18F4B291D9226A100972AF2 /* UILabel_BikeBuddyExt.swift */,
				D14C281E1DDD4C2C008D4DB4 /* CLLocationCoordinate2D_BikeBuddyExt.swift */,
			);
			name = "Class Extensions";
			sourceTree = "<group>";
		};
		D18F4B2B1D92283D00972AF2 /* Services */ = {
			isa = PBXGroup;
			children = (
				D18F4B321D922A9500972AF2 /* ThemeService.swift */,
				D11DDDE31D988F7D00BBB480 /* SetingsService.swift */,
				D11DDDE51D98901A00BBB480 /* StationsDataService.swift */,
				D14D9C501DB839EC008D0656 /* StringsService.swift */,
				D1920CDB1DE66450003FBCB4 /* NetworksDataService.swift */,
				D1920CDF1DE75428003FBCB4 /* CountryCleanupService.swift */,
			);
			name = Services;
			sourceTree = "<group>";
		};
		D1B6DD1B1C9EC3E3008543A3 /* Bike BuddyUITests */ = {
			isa = PBXGroup;
			children = (
				D1B6DD251C9EC436008543A3 /* SnapshotHelper.swift */,
				D1B6DD1C1C9EC3E3008543A3 /* BikeBuddySnapshotTests.swift */,
				D1B6DD1E1C9EC3E3008543A3 /* Info.plist */,
			);
			path = "Bike BuddyUITests";
			sourceTree = "<group>";
		};
		D1D98EF91DE9C76A000A226E /* Supporting Files */ = {
			isa = PBXGroup;
			children = (
				D14D9C4C1DB83780008D0656 /* Localizable.strings */,
				D1D98EFA1DE9C789000A226E /* CityBikes_Networks_API_Response.json */,
				D1D98EFC1DE9C80E000A226E /* CityBikes_Network_Detail_API_Response.json */,
			);
			name = "Supporting Files";
			sourceTree = "<group>";
		};
		E9678157F4E75F6588D67B18 /* Frameworks */ = {
			isa = PBXGroup;
			children = (
				D14C281A1DDD4174008D4DB4 /* DZNEmptyDataSet.framework */,
				D149580B1DB317AE0038A615 /* CoreLocation.framework */,
				D1E551171CA33D5B002561BB /* Crashlytics.framework */,
				D1E551131CA33C4A002561BB /* Fabric.framework */,
				D1E551141CA33C4A002561BB /* Answers.framework */,
				D1BDB2191BE573C000C38DEB /* SVProgressHUD.framework */,
				D1BDB2111BE548BA00C38DEB /* AlamofireObjectMapper.framework */,
				D1BDB2121BE548BA00C38DEB /* ObjectMapper.framework */,
				D1F7B7FB1BACE2B600D6732C /* SystemConfiguration.framework */,
				C5721B4A1B5A7A58009C5EFF /* Accounts.framework */,
				C5721B4B1B5A7A58009C5EFF /* Social.framework */,
				C5721B4C1B5A7A58009C5EFF /* Twitter.framework */,
				C5E873321B10A5BA00217C93 /* Alamofire.framework */,
				C516F01A1B0DAA7C00CF4468 /* MapKit.framework */,
				D14957F91DB30CFC0038A615 /* NotificationCenter.framework */,
			);
			name = Frameworks;
			sourceTree = "<group>";
		};
/* End PBXGroup section */

/* Begin PBXHeadersBuildPhase section */
		D18F4B071D9225FC00972AF2 /* Headers */ = {
			isa = PBXHeadersBuildPhase;
			buildActionMask = 2147483647;
			files = (
				D18F4B1A1D9225FC00972AF2 /* BikeBuddyKit.h in Headers */,
			);
			runOnlyForDeploymentPostprocessing = 0;
		};
/* End PBXHeadersBuildPhase section */

/* Begin PBXNativeTarget section */
		C516EFE41B0CE6CB00CF4468 /* Bike Buddy */ = {
			isa = PBXNativeTarget;
			buildConfigurationList = C516F0061B0CE6CB00CF4468 /* Build configuration list for PBXNativeTarget "Bike Buddy" */;
			buildPhases = (
				C516EFE11B0CE6CB00CF4468 /* Sources */,
				C516EFE21B0CE6CB00CF4468 /* Frameworks */,
				C516EFE31B0CE6CB00CF4468 /* Resources */,
				D1E509D51DAC917F007D918A /* Copy in Carthage Frameworks */,
				D1E551121CA33C29002561BB /* Copy in Fabric */,
				D10C2F741CA6C9CA0098D5AD /* Run SwiftLint */,
				D1B2EFEE1CA81FC100A5B218 /* Check for Unused Strings */,
				D1DD8BC61DA327C400DED913 /* Embed Frameworks */,
				D14958081DB30CFC0038A615 /* Embed App Extensions */,
			);
			buildRules = (
			);
			dependencies = (
				D1DD8BC21DA1F96200DED913 /* PBXTargetDependency */,
				D14958031DB30CFC0038A615 /* PBXTargetDependency */,
			);
			name = "Bike Buddy";
			productName = "Bike Buddy";
			productReference = C516EFE51B0CE6CB00CF4468 /* Bike Buddy.app */;
			productType = "com.apple.product-type.application";
		};
		D14957F71DB30CFB0038A615 /* BikeBuddyWidget */ = {
			isa = PBXNativeTarget;
			buildConfigurationList = D14958071DB30CFC0038A615 /* Build configuration list for PBXNativeTarget "BikeBuddyWidget" */;
			buildPhases = (
				D14957F41DB30CFB0038A615 /* Sources */,
				D14957F51DB30CFB0038A615 /* Frameworks */,
				D14957F61DB30CFB0038A615 /* Resources */,
				D14958101DB3BC9F0038A615 /* Copy in Fabric */,
			);
			buildRules = (
			);
			dependencies = (
			);
			name = BikeBuddyWidget;
			productName = BikeBuddyWidget;
			productReference = D14957F81DB30CFB0038A615 /* BikeBuddyWidget.appex */;
			productType = "com.apple.product-type.app-extension";
		};
		D18F4B091D9225FC00972AF2 /* BikeBuddyKit */ = {
			isa = PBXNativeTarget;
			buildConfigurationList = D18F4B1F1D9225FC00972AF2 /* Build configuration list for PBXNativeTarget "BikeBuddyKit" */;
			buildPhases = (
				D18F4B051D9225FC00972AF2 /* Sources */,
				D18F4B061D9225FC00972AF2 /* Frameworks */,
				D18F4B071D9225FC00972AF2 /* Headers */,
				D18F4B081D9225FC00972AF2 /* Resources */,
			);
			buildRules = (
			);
			dependencies = (
			);
			name = BikeBuddyKit;
			productName = BikeBuddyKit;
			productReference = D18F4B0A1D9225FC00972AF2 /* BikeBuddyKit.framework */;
			productType = "com.apple.product-type.framework";
		};
		D18F4B111D9225FC00972AF2 /* BikeBuddyKitTests */ = {
			isa = PBXNativeTarget;
			buildConfigurationList = D18F4B201D9225FC00972AF2 /* Build configuration list for PBXNativeTarget "BikeBuddyKitTests" */;
			buildPhases = (
				D18F4B0E1D9225FC00972AF2 /* Sources */,
				D18F4B0F1D9225FC00972AF2 /* Frameworks */,
				D18F4B101D9225FC00972AF2 /* Resources */,
			);
			buildRules = (
			);
			dependencies = (
				D18F4B151D9225FC00972AF2 /* PBXTargetDependency */,
			);
			name = BikeBuddyKitTests;
			productName = BikeBuddyKitTests;
			productReference = D18F4B121D9225FC00972AF2 /* BikeBuddyKitTests.xctest */;
			productType = "com.apple.product-type.bundle.unit-test";
		};
		D1B6DD191C9EC3E3008543A3 /* Bike BuddyUITests */ = {
			isa = PBXNativeTarget;
			buildConfigurationList = D1B6DD241C9EC3E3008543A3 /* Build configuration list for PBXNativeTarget "Bike BuddyUITests" */;
			buildPhases = (
				D1B6DD161C9EC3E3008543A3 /* Sources */,
				D1B6DD171C9EC3E3008543A3 /* Frameworks */,
				D1B6DD181C9EC3E3008543A3 /* Resources */,
			);
			buildRules = (
			);
			dependencies = (
				D1B6DD201C9EC3E3008543A3 /* PBXTargetDependency */,
			);
			name = "Bike BuddyUITests";
			productName = "Bike BuddyUITests";
			productReference = D1B6DD1A1C9EC3E3008543A3 /* Bike BuddyUITests.xctest */;
			productType = "com.apple.product-type.bundle.ui-testing";
		};
/* End PBXNativeTarget section */

/* Begin PBXProject section */
		C516EFDD1B0CE6CB00CF4468 /* Project object */ = {
			isa = PBXProject;
			attributes = {
				LastSwiftMigration = 0700;
				LastSwiftUpdateCheck = 0800;
				LastUpgradeCheck = 0810;
				ORGANIZATIONNAME = "Cloudgate Studios";
				TargetAttributes = {
					C516EFE41B0CE6CB00CF4468 = {
						CreatedOnToolsVersion = 6.3;
						DevelopmentTeam = KXYM4B4J29;
						SystemCapabilities = {
							com.apple.ApplicationGroups.iOS = {
								enabled = 1;
							};
						};
					};
					D14957F71DB30CFB0038A615 = {
						CreatedOnToolsVersion = 8.0;
						DevelopmentTeam = KXYM4B4J29;
						ProvisioningStyle = Automatic;
						SystemCapabilities = {
							com.apple.ApplicationGroups.iOS = {
								enabled = 1;
							};
						};
					};
					D18F4B091D9225FC00972AF2 = {
						CreatedOnToolsVersion = 8.0;
						DevelopmentTeam = KXYM4B4J29;
						LastSwiftMigration = 0800;
						ProvisioningStyle = Automatic;
					};
					D18F4B111D9225FC00972AF2 = {
						CreatedOnToolsVersion = 8.0;
						DevelopmentTeam = KXYM4B4J29;
						ProvisioningStyle = Automatic;
					};
					D1B6DD191C9EC3E3008543A3 = {
						CreatedOnToolsVersion = 7.2.1;
						TestTargetID = C516EFE41B0CE6CB00CF4468;
					};
				};
			};
			buildConfigurationList = C516EFE01B0CE6CB00CF4468 /* Build configuration list for PBXProject "Bike Buddy" */;
			compatibilityVersion = "Xcode 3.2";
			developmentRegion = English;
			hasScannedForEncodings = 0;
			knownRegions = (
				en,
				Base,
			);
			mainGroup = C516EFDC1B0CE6CB00CF4468;
			productRefGroup = C516EFE61B0CE6CB00CF4468 /* Products */;
			projectDirPath = "";
			projectRoot = "";
			targets = (
				C516EFE41B0CE6CB00CF4468 /* Bike Buddy */,
				D1B6DD191C9EC3E3008543A3 /* Bike BuddyUITests */,
				D18F4B091D9225FC00972AF2 /* BikeBuddyKit */,
				D18F4B111D9225FC00972AF2 /* BikeBuddyKitTests */,
				D14957F71DB30CFB0038A615 /* BikeBuddyWidget */,
			);
		};
/* End PBXProject section */

/* Begin PBXResourcesBuildPhase section */
		C516EFE31B0CE6CB00CF4468 /* Resources */ = {
			isa = PBXResourcesBuildPhase;
			buildActionMask = 2147483647;
			files = (
				C5C215881B0F76F000FEB01C /* FirstTimeUse.storyboard in Resources */,
				C516EFF21B0CE6CB00CF4468 /* Main.storyboard in Resources */,
				C516EFF71B0CE6CB00CF4468 /* LaunchScreen.xib in Resources */,
				D146DE6D1C9F40CD00083A9C /* PrivacyPolicy.txt in Resources */,
				C516EFF41B0CE6CB00CF4468 /* Images.xcassets in Resources */,
			);
			runOnlyForDeploymentPostprocessing = 0;
		};
		D14957F61DB30CFB0038A615 /* Resources */ = {
			isa = PBXResourcesBuildPhase;
			buildActionMask = 2147483647;
			files = (
				D14958001DB30CFC0038A615 /* MainInterface.storyboard in Resources */,
			);
			runOnlyForDeploymentPostprocessing = 0;
		};
		D18F4B081D9225FC00972AF2 /* Resources */ = {
			isa = PBXResourcesBuildPhase;
			buildActionMask = 2147483647;
			files = (
				D1D98EFB1DE9C789000A226E /* CityBikes_Networks_API_Response.json in Resources */,
				D14D9C4D1DB83780008D0656 /* Localizable.strings in Resources */,
				D1D98EFD1DE9C80E000A226E /* CityBikes_Network_Detail_API_Response.json in Resources */,
			);
			runOnlyForDeploymentPostprocessing = 0;
		};
		D18F4B101D9225FC00972AF2 /* Resources */ = {
			isa = PBXResourcesBuildPhase;
			buildActionMask = 2147483647;
			files = (
			);
			runOnlyForDeploymentPostprocessing = 0;
		};
		D1B6DD181C9EC3E3008543A3 /* Resources */ = {
			isa = PBXResourcesBuildPhase;
			buildActionMask = 2147483647;
			files = (
			);
			runOnlyForDeploymentPostprocessing = 0;
		};
/* End PBXResourcesBuildPhase section */

/* Begin PBXShellScriptBuildPhase section */
		D10C2F741CA6C9CA0098D5AD /* Run SwiftLint */ = {
			isa = PBXShellScriptBuildPhase;
			buildActionMask = 2147483647;
			files = (
			);
			inputPaths = (
			);
			name = "Run SwiftLint";
			outputPaths = (
			);
			runOnlyForDeploymentPostprocessing = 0;
			shellPath = /bin/sh;
			shellScript = "if which swiftlint >/dev/null; then\n    swiftlint\nelse\n    echo \"warning: SwiftLint not installed, download from https://github.com/realm/SwiftLint\"\nfi";
		};
		D14958101DB3BC9F0038A615 /* Copy in Fabric */ = {
			isa = PBXShellScriptBuildPhase;
			buildActionMask = 2147483647;
			files = (
			);
			inputPaths = (
			);
			name = "Copy in Fabric";
			outputPaths = (
			);
			runOnlyForDeploymentPostprocessing = 0;
			shellPath = /bin/sh;
			shellScript = "./Fabric.framework/run ${FABRIC_API_KEY} ${FABRIC_API_SECRET}";
		};
		D1B2EFEE1CA81FC100A5B218 /* Check for Unused Strings */ = {
			isa = PBXShellScriptBuildPhase;
			buildActionMask = 2147483647;
			files = (
			);
			inputPaths = (
			);
			name = "Check for Unused Strings";
			outputPaths = (
			);
			runOnlyForDeploymentPostprocessing = 0;
			shellPath = /bin/sh;
			shellScript = Scripts/StringsChecker.py;
		};
		D1E509D51DAC917F007D918A /* Copy in Carthage Frameworks */ = {
			isa = PBXShellScriptBuildPhase;
			buildActionMask = 2147483647;
			files = (
			);
			inputPaths = (
				"$(SRCROOT)/Carthage/Build/iOS/SVProgressHUD.framework",
				"$(SRCROOT)/Carthage/Build/iOS/Alamofire.framework",
				"$(SRCROOT)/Carthage/Build/iOS/AlamofireObjectMapper.framework",
				"$(SRCROOT)/Carthage/Build/iOS/ObjectMapper.framework",
				"$(SRCROOT)/Carthage/Build/iOS/DZNEmptyDataSet.framework",
			);
			name = "Copy in Carthage Frameworks";
			outputPaths = (
			);
			runOnlyForDeploymentPostprocessing = 0;
			shellPath = /bin/sh;
			shellScript = "/usr/local/bin/carthage copy-frameworks";
		};
		D1E551121CA33C29002561BB /* Copy in Fabric */ = {
			isa = PBXShellScriptBuildPhase;
			buildActionMask = 2147483647;
			files = (
			);
			inputPaths = (
			);
			name = "Copy in Fabric";
			outputPaths = (
			);
			runOnlyForDeploymentPostprocessing = 0;
			shellPath = /bin/sh;
			shellScript = "./Fabric.framework/run ${FABRIC_API_KEY} ${FABRIC_API_SECRET}";
		};
/* End PBXShellScriptBuildPhase section */

/* Begin PBXSourcesBuildPhase section */
		C516EFE11B0CE6CB00CF4468 /* Sources */ = {
			isa = PBXSourcesBuildPhase;
			buildActionMask = 2147483647;
			files = (
				D1920CE51DE75E42003FBCB4 /* SettingsSelectNetworkViewController.swift in Sources */,
				D146DE6F1C9F419C00083A9C /* SettingsAboutPrivacyPolicyTableViewController.swift in Sources */,
				D1341E231C9DE190008F9343 /* SettingsAboutTableViewController.swift in Sources */,
				D194CA641C9D7E3F0028BDB7 /* StationDetailTableViewController.swift in Sources */,
				D17C7C441B24DAE600509916 /* FTUWelcomeViewController.swift in Sources */,
				C516F00D1B0CE79100CF4468 /* SettingsTableViewController.swift in Sources */,
				D188CCED1DA1E88B0053BB78 /* AnalyticsService.swift in Sources */,
				D10242FA1B21137F00FCB923 /* SettingsNumberOfClosestStationsTableViewController.swift in Sources */,
				C516EFEB1B0CE6CB00CF4468 /* AppDelegate.swift in Sources */,
				C5E8732D1B109B2A00217C93 /* FTUFinishedViewController.swift in Sources */,
				C516F00F1B0CE7EB00CF4468 /* StationsListTableViewController.swift in Sources */,
				D19FEA521DED0C2B00EA198B /* FTUSelectNetworkTableViewController.swift in Sources */,
				D111F4631CD99453003F3609 /* StationTableViewCell.swift in Sources */,
				C5C2A8AD1B62858500B3FD65 /* MainTabViewController.swift in Sources */,
				C5E8732B1B1097AA00217C93 /* FTULocationAccessViewController.swift in Sources */,
				D1C4D76A1CEFC163001982F3 /* StationListSectionHeaderCell.swift in Sources */,
				D149580E1DB3BAC10038A615 /* ProgressHUDService.swift in Sources */,
				C516F0111B0CE80F00CF4468 /* MapViewController.swift in Sources */,
			);
			runOnlyForDeploymentPostprocessing = 0;
		};
		D14957F41DB30CFB0038A615 /* Sources */ = {
			isa = PBXSourcesBuildPhase;
			buildActionMask = 2147483647;
			files = (
				D14957FD1DB30CFC0038A615 /* TodayViewController.swift in Sources */,
			);
			runOnlyForDeploymentPostprocessing = 0;
		};
		D18F4B051D9225FC00972AF2 /* Sources */ = {
			isa = PBXSourcesBuildPhase;
			buildActionMask = 2147483647;
			files = (
				D18F4B261D92266E00972AF2 /* UIApplication_BikeBuddyExt.swift in Sources */,
				D14D9C511DB839EC008D0656 /* StringsService.swift in Sources */,
				D1920CDC1DE66450003FBCB4 /* NetworksDataService.swift in Sources */,
				D1920CDA1DE6628D003FBCB4 /* StationExtra.swift in Sources */,
				D1920CE71DE871C0003FBCB4 /* Networks.swift in Sources */,
				D1920CD81DE66180003FBCB4 /* Location.swift in Sources */,
				D11DDDDE1D988E0300BBB480 /* Station.swift in Sources */,
				D1920CE01DE75428003FBCB4 /* CountryCleanupService.swift in Sources */,
				D18F4B221D92261700972AF2 /* Constants.swift in Sources */,
				D1920CD61DE66103003FBCB4 /* Network.swift in Sources */,
				D1920CDE1DE66497003FBCB4 /* CityBikesNetworksResponse.swift in Sources */,
				D18F4B2A1D9226A100972AF2 /* UILabel_BikeBuddyExt.swift in Sources */,
				D11DDDE21D988F3400BBB480 /* Stations.swift in Sources */,
				D18F4B281D92268C00972AF2 /* UIColor_BikeBuddyExt.swift in Sources */,
				D1920CD41DE660CE003FBCB4 /* CityBikesNetworkDetailResponse.swift in Sources */,
				D11DDDE61D98901A00BBB480 /* StationsDataService.swift in Sources */,
				D11DDDE41D988F7D00BBB480 /* SetingsService.swift in Sources */,
				D18F4B331D922A9500972AF2 /* ThemeService.swift in Sources */,
				D14C281F1DDD4C2C008D4DB4 /* CLLocationCoordinate2D_BikeBuddyExt.swift in Sources */,
			);
			runOnlyForDeploymentPostprocessing = 0;
		};
		D18F4B0E1D9225FC00972AF2 /* Sources */ = {
			isa = PBXSourcesBuildPhase;
			buildActionMask = 2147483647;
			files = (
				D11DDDE91D98906700BBB480 /* StationTests.swift in Sources */,
				D18F4B181D9225FC00972AF2 /* BikeBuddyKitTests.swift in Sources */,
			);
			runOnlyForDeploymentPostprocessing = 0;
		};
		D1B6DD161C9EC3E3008543A3 /* Sources */ = {
			isa = PBXSourcesBuildPhase;
			buildActionMask = 2147483647;
			files = (
				D1B6DD1D1C9EC3E3008543A3 /* BikeBuddySnapshotTests.swift in Sources */,
				D1B6DD261C9EC436008543A3 /* SnapshotHelper.swift in Sources */,
			);
			runOnlyForDeploymentPostprocessing = 0;
		};
/* End PBXSourcesBuildPhase section */

/* Begin PBXTargetDependency section */
		D14958031DB30CFC0038A615 /* PBXTargetDependency */ = {
			isa = PBXTargetDependency;
			target = D14957F71DB30CFB0038A615 /* BikeBuddyWidget */;
			targetProxy = D14958021DB30CFC0038A615 /* PBXContainerItemProxy */;
		};
		D18F4B151D9225FC00972AF2 /* PBXTargetDependency */ = {
			isa = PBXTargetDependency;
			target = D18F4B091D9225FC00972AF2 /* BikeBuddyKit */;
			targetProxy = D18F4B141D9225FC00972AF2 /* PBXContainerItemProxy */;
		};
		D1B6DD201C9EC3E3008543A3 /* PBXTargetDependency */ = {
			isa = PBXTargetDependency;
			target = C516EFE41B0CE6CB00CF4468 /* Bike Buddy */;
			targetProxy = D1B6DD1F1C9EC3E3008543A3 /* PBXContainerItemProxy */;
		};
		D1DD8BC21DA1F96200DED913 /* PBXTargetDependency */ = {
			isa = PBXTargetDependency;
			target = D18F4B091D9225FC00972AF2 /* BikeBuddyKit */;
			targetProxy = D1DD8BC11DA1F96200DED913 /* PBXContainerItemProxy */;
		};
/* End PBXTargetDependency section */

/* Begin PBXVariantGroup section */
		C516EFF01B0CE6CB00CF4468 /* Main.storyboard */ = {
			isa = PBXVariantGroup;
			children = (
				C516EFF11B0CE6CB00CF4468 /* Base */,
			);
			name = Main.storyboard;
			sourceTree = "<group>";
		};
		C516EFF51B0CE6CB00CF4468 /* LaunchScreen.xib */ = {
			isa = PBXVariantGroup;
			children = (
				C516EFF61B0CE6CB00CF4468 /* Base */,
			);
			name = LaunchScreen.xib;
			sourceTree = "<group>";
		};
		D14957FE1DB30CFC0038A615 /* MainInterface.storyboard */ = {
			isa = PBXVariantGroup;
			children = (
				D14957FF1DB30CFC0038A615 /* Base */,
			);
			name = MainInterface.storyboard;
			sourceTree = "<group>";
		};
/* End PBXVariantGroup section */

/* Begin XCBuildConfiguration section */
		C516F0041B0CE6CB00CF4468 /* Debug */ = {
			isa = XCBuildConfiguration;
			buildSettings = {
				ALWAYS_SEARCH_USER_PATHS = NO;
				BUNDLE_ID_SUFFIX = .debug;
				CLANG_CXX_LANGUAGE_STANDARD = "gnu++0x";
				CLANG_CXX_LIBRARY = "libc++";
				CLANG_ENABLE_MODULES = YES;
				CLANG_ENABLE_OBJC_ARC = YES;
				CLANG_WARN_BOOL_CONVERSION = YES;
				CLANG_WARN_CONSTANT_CONVERSION = YES;
				CLANG_WARN_DIRECT_OBJC_ISA_USAGE = YES_ERROR;
				CLANG_WARN_EMPTY_BODY = YES;
				CLANG_WARN_ENUM_CONVERSION = YES;
				CLANG_WARN_INFINITE_RECURSION = YES;
				CLANG_WARN_INT_CONVERSION = YES;
				CLANG_WARN_OBJC_ROOT_CLASS = YES_ERROR;
				CLANG_WARN_SUSPICIOUS_MOVE = YES;
				CLANG_WARN_UNREACHABLE_CODE = YES;
				CLANG_WARN__DUPLICATE_METHOD_MATCH = YES;
				"CODE_SIGN_IDENTITY[sdk=iphoneos*]" = "iPhone Developer";
				COPY_PHASE_STRIP = NO;
				DEBUG_INFORMATION_FORMAT = "dwarf-with-dsym";
				ENABLE_STRICT_OBJC_MSGSEND = YES;
				ENABLE_TESTABILITY = YES;
				GCC_C_LANGUAGE_STANDARD = gnu99;
				GCC_DYNAMIC_NO_PIC = NO;
				GCC_NO_COMMON_BLOCKS = YES;
				GCC_OPTIMIZATION_LEVEL = 0;
				GCC_PREPROCESSOR_DEFINITIONS = (
					"DEBUG=1",
					"$(inherited)",
				);
				GCC_SYMBOLS_PRIVATE_EXTERN = NO;
				GCC_WARN_64_TO_32_BIT_CONVERSION = YES;
				GCC_WARN_ABOUT_RETURN_TYPE = YES_ERROR;
				GCC_WARN_UNDECLARED_SELECTOR = YES;
				GCC_WARN_UNINITIALIZED_AUTOS = YES_AGGRESSIVE;
				GCC_WARN_UNUSED_FUNCTION = YES;
				GCC_WARN_UNUSED_VARIABLE = YES;
				IPHONEOS_DEPLOYMENT_TARGET = 9.0;
				MTL_ENABLE_DEBUG_INFO = YES;
				ONLY_ACTIVE_ARCH = YES;
				SDKROOT = iphoneos;
				SWIFT_OPTIMIZATION_LEVEL = "-Onone";
				TARGETED_DEVICE_FAMILY = "1,2";
			};
			name = Debug;
		};
		C516F0051B0CE6CB00CF4468 /* Release */ = {
			isa = XCBuildConfiguration;
			buildSettings = {
				ALWAYS_SEARCH_USER_PATHS = NO;
				BUNDLE_ID_SUFFIX = "";
				CLANG_CXX_LANGUAGE_STANDARD = "gnu++0x";
				CLANG_CXX_LIBRARY = "libc++";
				CLANG_ENABLE_MODULES = YES;
				CLANG_ENABLE_OBJC_ARC = YES;
				CLANG_WARN_BOOL_CONVERSION = YES;
				CLANG_WARN_CONSTANT_CONVERSION = YES;
				CLANG_WARN_DIRECT_OBJC_ISA_USAGE = YES_ERROR;
				CLANG_WARN_EMPTY_BODY = YES;
				CLANG_WARN_ENUM_CONVERSION = YES;
				CLANG_WARN_INFINITE_RECURSION = YES;
				CLANG_WARN_INT_CONVERSION = YES;
				CLANG_WARN_OBJC_ROOT_CLASS = YES_ERROR;
				CLANG_WARN_SUSPICIOUS_MOVE = YES;
				CLANG_WARN_UNREACHABLE_CODE = YES;
				CLANG_WARN__DUPLICATE_METHOD_MATCH = YES;
				"CODE_SIGN_IDENTITY[sdk=iphoneos*]" = "iPhone Developer";
				COPY_PHASE_STRIP = NO;
				DEBUG_INFORMATION_FORMAT = "dwarf-with-dsym";
				ENABLE_NS_ASSERTIONS = NO;
				ENABLE_STRICT_OBJC_MSGSEND = YES;
				GCC_C_LANGUAGE_STANDARD = gnu99;
				GCC_NO_COMMON_BLOCKS = YES;
				GCC_WARN_64_TO_32_BIT_CONVERSION = YES;
				GCC_WARN_ABOUT_RETURN_TYPE = YES_ERROR;
				GCC_WARN_UNDECLARED_SELECTOR = YES;
				GCC_WARN_UNINITIALIZED_AUTOS = YES_AGGRESSIVE;
				GCC_WARN_UNUSED_FUNCTION = YES;
				GCC_WARN_UNUSED_VARIABLE = YES;
				IPHONEOS_DEPLOYMENT_TARGET = 9.0;
				MTL_ENABLE_DEBUG_INFO = NO;
				SDKROOT = iphoneos;
				SWIFT_OPTIMIZATION_LEVEL = "-Owholemodule";
				TARGETED_DEVICE_FAMILY = "1,2";
				VALIDATE_PRODUCT = YES;
			};
			name = Release;
		};
		C516F0071B0CE6CB00CF4468 /* Debug */ = {
			isa = XCBuildConfiguration;
			buildSettings = {
				ALWAYS_EMBED_SWIFT_STANDARD_LIBRARIES = YES;
				ASSETCATALOG_COMPILER_APPICON_NAME = "AppIcon${BUNDLE_ID_SUFFIX}";
				CODE_SIGN_ENTITLEMENTS = "Bike Buddy/Bike Buddy.entitlements";
				CODE_SIGN_IDENTITY = "iPhone Developer";
				CURRENT_PROJECT_VERSION = 38;
				ENABLE_NS_ASSERTIONS = YES;
				FABRIC_API_KEY = e54c6d8a4c3e3842dea83c9c93ced04d15c623c7;
				FABRIC_API_SECRET = d55ddafdab5e860b6df5bde92b5c858ea5ffafead9d0f8ead1dd0179e197863b;
				FRAMEWORK_SEARCH_PATHS = (
					"$(inherited)",
					"$(PROJECT_DIR)/Carthage/Build/iOS",
					"$(PROJECT_DIR)",
				);
				GCC_GENERATE_TEST_COVERAGE_FILES = YES;
				INFOPLIST_FILE = "Bike Buddy/Info.plist";
				IPHONEOS_DEPLOYMENT_TARGET = 10.0;
				LD_RUNPATH_SEARCH_PATHS = "$(inherited) @executable_path/Frameworks";
				PRODUCT_BUNDLE_IDENTIFIER = "com.cloudgatestudios.$(PRODUCT_NAME:rfc1034identifier)${BUNDLE_ID_SUFFIX}";
				PRODUCT_NAME = "$(TARGET_NAME)";
				SWIFT_OBJC_BRIDGING_HEADER = "Bike Buddy/BikeBuddy-Bridging-Header.h";
				SWIFT_VERSION = 3.0;
				TARGETED_DEVICE_FAMILY = "1,2";
			};
			name = Debug;
		};
		C516F0081B0CE6CB00CF4468 /* Release */ = {
			isa = XCBuildConfiguration;
			buildSettings = {
				ALWAYS_EMBED_SWIFT_STANDARD_LIBRARIES = YES;
				ASSETCATALOG_COMPILER_APPICON_NAME = "AppIcon${BUNDLE_ID_SUFFIX}";
				CODE_SIGN_ENTITLEMENTS = "Bike Buddy/Bike Buddy.entitlements";
				CODE_SIGN_IDENTITY = "iPhone Developer";
				CURRENT_PROJECT_VERSION = 38;
				ENABLE_NS_ASSERTIONS = NO;
				ENABLE_TESTABILITY = YES;
				FABRIC_API_KEY = e54c6d8a4c3e3842dea83c9c93ced04d15c623c7;
				FABRIC_API_SECRET = d55ddafdab5e860b6df5bde92b5c858ea5ffafead9d0f8ead1dd0179e197863b;
				FRAMEWORK_SEARCH_PATHS = (
					"$(inherited)",
					"$(PROJECT_DIR)/Carthage/Build/iOS",
					"$(PROJECT_DIR)",
				);
				GCC_GENERATE_TEST_COVERAGE_FILES = YES;
				INFOPLIST_FILE = "Bike Buddy/Info.plist";
				IPHONEOS_DEPLOYMENT_TARGET = 10.0;
				LD_RUNPATH_SEARCH_PATHS = "$(inherited) @executable_path/Frameworks";
				PRODUCT_BUNDLE_IDENTIFIER = "com.cloudgatestudios.$(PRODUCT_NAME:rfc1034identifier)${BUNDLE_ID_SUFFIX}";
				PRODUCT_NAME = "$(TARGET_NAME)";
				SWIFT_OBJC_BRIDGING_HEADER = "Bike Buddy/BikeBuddy-Bridging-Header.h";
				SWIFT_VERSION = 3.0;
				TARGETED_DEVICE_FAMILY = "1,2";
			};
			name = Release;
		};
		D14958051DB30CFC0038A615 /* Debug */ = {
			isa = XCBuildConfiguration;
			buildSettings = {
				CLANG_ANALYZER_NONNULL = YES;
				CLANG_WARN_DOCUMENTATION_COMMENTS = YES;
				CLANG_WARN_SUSPICIOUS_MOVES = YES;
				CODE_SIGN_ENTITLEMENTS = BikeBuddyWidget/BikeBuddyWidget.entitlements;
				CODE_SIGN_IDENTITY = "iPhone Developer";
				DEBUG_INFORMATION_FORMAT = "dwarf-with-dsym";
				DEVELOPMENT_TEAM = KXYM4B4J29;
				FABRIC_API_KEY = e54c6d8a4c3e3842dea83c9c93ced04d15c623c7;
				FABRIC_API_SECRET = d55ddafdab5e860b6df5bde92b5c858ea5ffafead9d0f8ead1dd0179e197863b;
				FRAMEWORK_SEARCH_PATHS = (
					"$(inherited)",
					"$(PROJECT_DIR)",
				);
				INFOPLIST_FILE = BikeBuddyWidget/Info.plist;
				IPHONEOS_DEPLOYMENT_TARGET = 10.0;
				LD_RUNPATH_SEARCH_PATHS = "$(inherited) @executable_path/Frameworks @executable_path/../../Frameworks";
				PRODUCT_BUNDLE_IDENTIFIER = "com.cloudgatestudios.Bike-Buddy.debug.BikeBuddyWidget";
				PRODUCT_NAME = "$(TARGET_NAME)";
				SKIP_INSTALL = YES;
				SWIFT_ACTIVE_COMPILATION_CONDITIONS = DEBUG;
				SWIFT_VERSION = 3.0;
			};
			name = Debug;
		};
		D14958061DB30CFC0038A615 /* Release */ = {
			isa = XCBuildConfiguration;
			buildSettings = {
				CLANG_ANALYZER_NONNULL = YES;
				CLANG_WARN_DOCUMENTATION_COMMENTS = YES;
				CLANG_WARN_SUSPICIOUS_MOVES = YES;
				CODE_SIGN_ENTITLEMENTS = BikeBuddyWidget/BikeBuddyWidget.entitlements;
				CODE_SIGN_IDENTITY = "iPhone Developer";
				DEVELOPMENT_TEAM = KXYM4B4J29;
				FABRIC_API_KEY = e54c6d8a4c3e3842dea83c9c93ced04d15c623c7;
				FABRIC_API_SECRET = d55ddafdab5e860b6df5bde92b5c858ea5ffafead9d0f8ead1dd0179e197863b;
				FRAMEWORK_SEARCH_PATHS = (
					"$(inherited)",
					"$(PROJECT_DIR)",
				);
				INFOPLIST_FILE = BikeBuddyWidget/Info.plist;
				IPHONEOS_DEPLOYMENT_TARGET = 10.0;
				LD_RUNPATH_SEARCH_PATHS = "$(inherited) @executable_path/Frameworks @executable_path/../../Frameworks";
				PRODUCT_BUNDLE_IDENTIFIER = "com.cloudgatestudios.Bike-Buddy.BikeBuddyWidget";
				PRODUCT_NAME = "$(TARGET_NAME)";
				SKIP_INSTALL = YES;
				SWIFT_VERSION = 3.0;
			};
			name = Release;
		};
		D18F4B1B1D9225FC00972AF2 /* Debug */ = {
			isa = XCBuildConfiguration;
			buildSettings = {
				APPLICATION_EXTENSION_API_ONLY = YES;
				CLANG_ANALYZER_NONNULL = YES;
				CLANG_ENABLE_MODULES = YES;
				CLANG_WARN_DOCUMENTATION_COMMENTS = YES;
				CLANG_WARN_SUSPICIOUS_MOVES = YES;
				CODE_SIGN_IDENTITY = "iPhone Developer";
				"CODE_SIGN_IDENTITY[sdk=iphoneos*]" = "";
				CURRENT_PROJECT_VERSION = 38;
				DEBUG_INFORMATION_FORMAT = dwarf;
				DEFINES_MODULE = YES;
				DYLIB_COMPATIBILITY_VERSION = 1;
				DYLIB_CURRENT_VERSION = 38;
				DYLIB_INSTALL_NAME_BASE = "@rpath";
				FRAMEWORK_SEARCH_PATHS = (
					"$(inherited)",
					"$(PROJECT_DIR)/Carthage/Build/iOS",
					"$(PROJECT_DIR)",
				);
				INFOPLIST_FILE = BikeBuddyKit/Info.plist;
				INSTALL_PATH = "$(LOCAL_LIBRARY_DIR)/Frameworks";
				IPHONEOS_DEPLOYMENT_TARGET = 10.0;
				LD_RUNPATH_SEARCH_PATHS = "$(inherited) @executable_path/Frameworks @loader_path/Frameworks";
				PRODUCT_BUNDLE_IDENTIFIER = com.cloudgatestudios.BikeBuddyKit;
				PRODUCT_NAME = "$(TARGET_NAME)";
				SKIP_INSTALL = YES;
				SWIFT_ACTIVE_COMPILATION_CONDITIONS = DEBUG;
				SWIFT_OPTIMIZATION_LEVEL = "-Onone";
				SWIFT_VERSION = 3.0;
				VERSIONING_SYSTEM = "apple-generic";
				VERSION_INFO_PREFIX = "";
			};
			name = Debug;
		};
		D18F4B1C1D9225FC00972AF2 /* Release */ = {
			isa = XCBuildConfiguration;
			buildSettings = {
				APPLICATION_EXTENSION_API_ONLY = YES;
				CLANG_ANALYZER_NONNULL = YES;
				CLANG_ENABLE_MODULES = YES;
				CLANG_WARN_DOCUMENTATION_COMMENTS = YES;
				CLANG_WARN_SUSPICIOUS_MOVES = YES;
				CODE_SIGN_IDENTITY = "iPhone Developer";
				"CODE_SIGN_IDENTITY[sdk=iphoneos*]" = "";
				CURRENT_PROJECT_VERSION = 38;
				DEFINES_MODULE = YES;
				DYLIB_COMPATIBILITY_VERSION = 1;
				DYLIB_CURRENT_VERSION = 38;
				DYLIB_INSTALL_NAME_BASE = "@rpath";
				FRAMEWORK_SEARCH_PATHS = (
					"$(inherited)",
					"$(PROJECT_DIR)/Carthage/Build/iOS",
					"$(PROJECT_DIR)",
				);
				INFOPLIST_FILE = BikeBuddyKit/Info.plist;
				INSTALL_PATH = "$(LOCAL_LIBRARY_DIR)/Frameworks";
				IPHONEOS_DEPLOYMENT_TARGET = 10.0;
				LD_RUNPATH_SEARCH_PATHS = "$(inherited) @executable_path/Frameworks @loader_path/Frameworks";
				PRODUCT_BUNDLE_IDENTIFIER = com.cloudgatestudios.BikeBuddyKit;
				PRODUCT_NAME = "$(TARGET_NAME)";
				SKIP_INSTALL = YES;
				SWIFT_VERSION = 3.0;
				VERSIONING_SYSTEM = "apple-generic";
				VERSION_INFO_PREFIX = "";
			};
			name = Release;
		};
		D18F4B1D1D9225FC00972AF2 /* Debug */ = {
			isa = XCBuildConfiguration;
			buildSettings = {
				ALWAYS_EMBED_SWIFT_STANDARD_LIBRARIES = YES;
				CLANG_ANALYZER_NONNULL = YES;
				CLANG_WARN_DOCUMENTATION_COMMENTS = YES;
				CLANG_WARN_SUSPICIOUS_MOVES = YES;
				DEBUG_INFORMATION_FORMAT = dwarf;
				DEVELOPMENT_TEAM = KXYM4B4J29;
				INFOPLIST_FILE = BikeBuddyKitTests/Info.plist;
				IPHONEOS_DEPLOYMENT_TARGET = 10.0;
				LD_RUNPATH_SEARCH_PATHS = "$(inherited) @executable_path/Frameworks @loader_path/Frameworks";
				PRODUCT_BUNDLE_IDENTIFIER = com.cloudgatestudios.BikeBuddyKitTests;
				PRODUCT_NAME = "$(TARGET_NAME)";
				SWIFT_ACTIVE_COMPILATION_CONDITIONS = DEBUG;
				SWIFT_VERSION = 3.0;
			};
			name = Debug;
		};
		D18F4B1E1D9225FC00972AF2 /* Release */ = {
			isa = XCBuildConfiguration;
			buildSettings = {
				ALWAYS_EMBED_SWIFT_STANDARD_LIBRARIES = YES;
				CLANG_ANALYZER_NONNULL = YES;
				CLANG_WARN_DOCUMENTATION_COMMENTS = YES;
				CLANG_WARN_SUSPICIOUS_MOVES = YES;
				DEVELOPMENT_TEAM = KXYM4B4J29;
				INFOPLIST_FILE = BikeBuddyKitTests/Info.plist;
				IPHONEOS_DEPLOYMENT_TARGET = 10.0;
				LD_RUNPATH_SEARCH_PATHS = "$(inherited) @executable_path/Frameworks @loader_path/Frameworks";
				PRODUCT_BUNDLE_IDENTIFIER = com.cloudgatestudios.BikeBuddyKitTests;
				PRODUCT_NAME = "$(TARGET_NAME)";
				SWIFT_VERSION = 3.0;
			};
			name = Release;
		};
		D1B6DD211C9EC3E3008543A3 /* Debug */ = {
			isa = XCBuildConfiguration;
			buildSettings = {
				DEBUG_INFORMATION_FORMAT = dwarf;
				INFOPLIST_FILE = "Bike BuddyUITests/Info.plist";
				IPHONEOS_DEPLOYMENT_TARGET = 9.2;
				LD_RUNPATH_SEARCH_PATHS = "$(inherited) @executable_path/Frameworks @loader_path/Frameworks";
				PRODUCT_BUNDLE_IDENTIFIER = "com.cloudgatestudios.Bike-BuddyUITests";
				PRODUCT_NAME = "$(TARGET_NAME)";
				SWIFT_VERSION = 3.0;
				TEST_TARGET_NAME = "Bike Buddy";
				USES_XCTRUNNER = YES;
			};
			name = Debug;
		};
		D1B6DD221C9EC3E3008543A3 /* Release */ = {
			isa = XCBuildConfiguration;
			buildSettings = {
				INFOPLIST_FILE = "Bike BuddyUITests/Info.plist";
				IPHONEOS_DEPLOYMENT_TARGET = 9.2;
				LD_RUNPATH_SEARCH_PATHS = "$(inherited) @executable_path/Frameworks @loader_path/Frameworks";
				PRODUCT_BUNDLE_IDENTIFIER = "com.cloudgatestudios.Bike-BuddyUITests";
				PRODUCT_NAME = "$(TARGET_NAME)";
				SWIFT_VERSION = 3.0;
				TEST_TARGET_NAME = "Bike Buddy";
				USES_XCTRUNNER = YES;
			};
			name = Release;
		};
/* End XCBuildConfiguration section */

/* Begin XCConfigurationList section */
		C516EFE01B0CE6CB00CF4468 /* Build configuration list for PBXProject "Bike Buddy" */ = {
			isa = XCConfigurationList;
			buildConfigurations = (
				C516F0041B0CE6CB00CF4468 /* Debug */,
				C516F0051B0CE6CB00CF4468 /* Release */,
			);
			defaultConfigurationIsVisible = 0;
			defaultConfigurationName = Release;
		};
		C516F0061B0CE6CB00CF4468 /* Build configuration list for PBXNativeTarget "Bike Buddy" */ = {
			isa = XCConfigurationList;
			buildConfigurations = (
				C516F0071B0CE6CB00CF4468 /* Debug */,
				C516F0081B0CE6CB00CF4468 /* Release */,
			);
			defaultConfigurationIsVisible = 0;
			defaultConfigurationName = Release;
		};
		D14958071DB30CFC0038A615 /* Build configuration list for PBXNativeTarget "BikeBuddyWidget" */ = {
			isa = XCConfigurationList;
			buildConfigurations = (
				D14958051DB30CFC0038A615 /* Debug */,
				D14958061DB30CFC0038A615 /* Release */,
			);
			defaultConfigurationIsVisible = 0;
			defaultConfigurationName = Release;
		};
		D18F4B1F1D9225FC00972AF2 /* Build configuration list for PBXNativeTarget "BikeBuddyKit" */ = {
			isa = XCConfigurationList;
			buildConfigurations = (
				D18F4B1B1D9225FC00972AF2 /* Debug */,
				D18F4B1C1D9225FC00972AF2 /* Release */,
			);
			defaultConfigurationIsVisible = 0;
			defaultConfigurationName = Release;
		};
		D18F4B201D9225FC00972AF2 /* Build configuration list for PBXNativeTarget "BikeBuddyKitTests" */ = {
			isa = XCConfigurationList;
			buildConfigurations = (
				D18F4B1D1D9225FC00972AF2 /* Debug */,
				D18F4B1E1D9225FC00972AF2 /* Release */,
			);
			defaultConfigurationIsVisible = 0;
			defaultConfigurationName = Release;
		};
		D1B6DD241C9EC3E3008543A3 /* Build configuration list for PBXNativeTarget "Bike BuddyUITests" */ = {
			isa = XCConfigurationList;
			buildConfigurations = (
				D1B6DD211C9EC3E3008543A3 /* Debug */,
				D1B6DD221C9EC3E3008543A3 /* Release */,
			);
			defaultConfigurationIsVisible = 0;
			defaultConfigurationName = Release;
		};
/* End XCConfigurationList section */
	};
	rootObject = C516EFDD1B0CE6CB00CF4468 /* Project object */;
}
