// !$*UTF8*$!
{
	archiveVersion = 1;
	classes = {
	};
	objectVersion = 46;
	objects = {

/* Begin PBXBuildFile section */
		C513A7131B5E8547003BA84F /* Localizable.strings in Resources */ = {isa = PBXBuildFile; fileRef = C513A7151B5E8547003BA84F /* Localizable.strings */; };
		C516EFEB1B0CE6CB00CF4468 /* AppDelegate.swift in Sources */ = {isa = PBXBuildFile; fileRef = C516EFEA1B0CE6CB00CF4468 /* AppDelegate.swift */; };
		C516EFF21B0CE6CB00CF4468 /* Main.storyboard in Resources */ = {isa = PBXBuildFile; fileRef = C516EFF01B0CE6CB00CF4468 /* Main.storyboard */; };
		C516EFF41B0CE6CB00CF4468 /* Images.xcassets in Resources */ = {isa = PBXBuildFile; fileRef = C516EFF31B0CE6CB00CF4468 /* Images.xcassets */; };
		C516EFF71B0CE6CB00CF4468 /* LaunchScreen.xib in Resources */ = {isa = PBXBuildFile; fileRef = C516EFF51B0CE6CB00CF4468 /* LaunchScreen.xib */; };
		C516F00D1B0CE79100CF4468 /* SettingsTableViewController.swift in Sources */ = {isa = PBXBuildFile; fileRef = C516F00C1B0CE79100CF4468 /* SettingsTableViewController.swift */; };
		C516F00F1B0CE7EB00CF4468 /* StationsListTableViewController.swift in Sources */ = {isa = PBXBuildFile; fileRef = C516F00E1B0CE7EB00CF4468 /* StationsListTableViewController.swift */; };
		C516F0111B0CE80F00CF4468 /* MapViewController.swift in Sources */ = {isa = PBXBuildFile; fileRef = C516F0101B0CE80F00CF4468 /* MapViewController.swift */; };
		C516F0171B0CF11100CF4468 /* Station.swift in Sources */ = {isa = PBXBuildFile; fileRef = C516F0161B0CF11100CF4468 /* Station.swift */; };
		C516F01B1B0DAA7C00CF4468 /* MapKit.framework in Frameworks */ = {isa = PBXBuildFile; fileRef = C516F01A1B0DAA7C00CF4468 /* MapKit.framework */; };
		C516F0201B0DC1DE00CF4468 /* StationsDataService.swift in Sources */ = {isa = PBXBuildFile; fileRef = C516F01F1B0DC1DE00CF4468 /* StationsDataService.swift */; };
		C54242681BEB9B6D00E826C4 /* ProgressHUDService.swift in Sources */ = {isa = PBXBuildFile; fileRef = C54242671BEB9B6D00E826C4 /* ProgressHUDService.swift */; };
		C5721B4D1B5A7A58009C5EFF /* Accounts.framework in Frameworks */ = {isa = PBXBuildFile; fileRef = C5721B4A1B5A7A58009C5EFF /* Accounts.framework */; };
		C5721B4E1B5A7A58009C5EFF /* Social.framework in Frameworks */ = {isa = PBXBuildFile; fileRef = C5721B4B1B5A7A58009C5EFF /* Social.framework */; };
		C5721B4F1B5A7A58009C5EFF /* Twitter.framework in Frameworks */ = {isa = PBXBuildFile; fileRef = C5721B4C1B5A7A58009C5EFF /* Twitter.framework */; };
		C5886ACB1B22944500FF6D0E /* ThemeService.swift in Sources */ = {isa = PBXBuildFile; fileRef = C5886ACA1B22944500FF6D0E /* ThemeService.swift */; };
		C5886ACD1B22A07100FF6D0E /* UIColor_BikeBuddyExt.swift in Sources */ = {isa = PBXBuildFile; fileRef = C5886ACC1B22A07100FF6D0E /* UIColor_BikeBuddyExt.swift */; };
		C59090481B0F1E8E0043FFFD /* Divvy_API_Response.json in Resources */ = {isa = PBXBuildFile; fileRef = C59090471B0F1E8E0043FFFD /* Divvy_API_Response.json */; };
		C5C215881B0F76F000FEB01C /* FirstTimeUse.storyboard in Resources */ = {isa = PBXBuildFile; fileRef = C5C215871B0F76F000FEB01C /* FirstTimeUse.storyboard */; };
		C5C2158A1B0F782400FEB01C /* FTUSelectCityTableViewController.swift in Sources */ = {isa = PBXBuildFile; fileRef = C5C215891B0F782400FEB01C /* FTUSelectCityTableViewController.swift */; };
		C5C2158C1B0F785B00FEB01C /* City.swift in Sources */ = {isa = PBXBuildFile; fileRef = C5C2158B1B0F785B00FEB01C /* City.swift */; };
		C5C2158E1B0F78C900FEB01C /* Cities.plist in Resources */ = {isa = PBXBuildFile; fileRef = C5C2158D1B0F78C900FEB01C /* Cities.plist */; };
		C5C215951B0F7D5100FEB01C /* SettingsService.swift in Sources */ = {isa = PBXBuildFile; fileRef = C5C215941B0F7D5100FEB01C /* SettingsService.swift */; };
		C5C215991B0F809C00FEB01C /* Constants.swift in Sources */ = {isa = PBXBuildFile; fileRef = C5C215981B0F809C00FEB01C /* Constants.swift */; };
		C5C2A8AD1B62858500B3FD65 /* MainTabViewController.swift in Sources */ = {isa = PBXBuildFile; fileRef = C5C2A8AC1B62858500B3FD65 /* MainTabViewController.swift */; };
		C5E8732B1B1097AA00217C93 /* FTULocationAccessViewController.swift in Sources */ = {isa = PBXBuildFile; fileRef = C5E8732A1B1097AA00217C93 /* FTULocationAccessViewController.swift */; };
		C5E8732D1B109B2A00217C93 /* FTUFinishedViewController.swift in Sources */ = {isa = PBXBuildFile; fileRef = C5E8732C1B109B2A00217C93 /* FTUFinishedViewController.swift */; };
		C5E873311B109D5000217C93 /* UIApplication_BikeBuddyExt.swift in Sources */ = {isa = PBXBuildFile; fileRef = C5E873301B109D5000217C93 /* UIApplication_BikeBuddyExt.swift */; };
		C5E873331B10A5BA00217C93 /* Alamofire.framework in Frameworks */ = {isa = PBXBuildFile; fileRef = C5E873321B10A5BA00217C93 /* Alamofire.framework */; };
		D10242FA1B21137F00FCB923 /* SettingsNumberOfClosestStationsTableViewController.swift in Sources */ = {isa = PBXBuildFile; fileRef = D10242F91B21137F00FCB923 /* SettingsNumberOfClosestStationsTableViewController.swift */; };
		D10C2F731CA6C6870098D5AD /* AnalyticsServiceProtocol.swift in Sources */ = {isa = PBXBuildFile; fileRef = D10C2F721CA6C6870098D5AD /* AnalyticsServiceProtocol.swift */; };
		D111F4631CD99453003F3609 /* StationTableViewCell.swift in Sources */ = {isa = PBXBuildFile; fileRef = D111F4621CD99453003F3609 /* StationTableViewCell.swift */; };
		D1151E611B655F2500584707 /* Divvy_API_Response.json in Resources */ = {isa = PBXBuildFile; fileRef = D1151E601B655F2500584707 /* Divvy_API_Response.json */; };
		D1151E631B655F7100584707 /* StationsDataServiceTests.swift in Sources */ = {isa = PBXBuildFile; fileRef = D1151E621B655F7100584707 /* StationsDataServiceTests.swift */; };
		D1151E661B6560C000584707 /* Alamofire.framework in Frameworks */ = {isa = PBXBuildFile; fileRef = C5E873321B10A5BA00217C93 /* Alamofire.framework */; };
		D1151E691B65610700584707 /* Constants.swift in Sources */ = {isa = PBXBuildFile; fileRef = C5C215981B0F809C00FEB01C /* Constants.swift */; };
		D1151E6D1B65632D00584707 /* StationTests.swift in Sources */ = {isa = PBXBuildFile; fileRef = D1151E6C1B65632D00584707 /* StationTests.swift */; };
		D12DA3941B13884300C40E64 /* SettingsSelectCityTableViewController.swift in Sources */ = {isa = PBXBuildFile; fileRef = D12DA3931B13884300C40E64 /* SettingsSelectCityTableViewController.swift */; };
		D131EA471B2919D500F08241 /* UILabel_BikeBuddyExt.swift in Sources */ = {isa = PBXBuildFile; fileRef = D131EA461B2919D500F08241 /* UILabel_BikeBuddyExt.swift */; };
		D1341E231C9DE190008F9343 /* SettingsAboutTableViewController.swift in Sources */ = {isa = PBXBuildFile; fileRef = D1341E221C9DE190008F9343 /* SettingsAboutTableViewController.swift */; };
		D146DC811B156D3000F7456E /* Stations.swift in Sources */ = {isa = PBXBuildFile; fileRef = D146DC801B156D3000F7456E /* Stations.swift */; };
		D146DE6D1C9F40CD00083A9C /* PrivacyPolicy.txt in Resources */ = {isa = PBXBuildFile; fileRef = D146DE6C1C9F40CD00083A9C /* PrivacyPolicy.txt */; };
		D146DE6F1C9F419C00083A9C /* SettingsAboutPrivacyPolicyTableViewController.swift in Sources */ = {isa = PBXBuildFile; fileRef = D146DE6E1C9F419C00083A9C /* SettingsAboutPrivacyPolicyTableViewController.swift */; };
		D17C7C441B24DAE600509916 /* FTUWelcomeViewController.swift in Sources */ = {isa = PBXBuildFile; fileRef = D17C7C431B24DAE600509916 /* FTUWelcomeViewController.swift */; };
		D194CA641C9D7E3F0028BDB7 /* StationDetailTableViewController.swift in Sources */ = {isa = PBXBuildFile; fileRef = D194CA631C9D7E3F0028BDB7 /* StationDetailTableViewController.swift */; };
		D1B6DD1D1C9EC3E3008543A3 /* BikeBuddySnapshotTests.swift in Sources */ = {isa = PBXBuildFile; fileRef = D1B6DD1C1C9EC3E3008543A3 /* BikeBuddySnapshotTests.swift */; };
		D1B6DD261C9EC436008543A3 /* SnapshotHelper.swift in Sources */ = {isa = PBXBuildFile; fileRef = D1B6DD251C9EC436008543A3 /* SnapshotHelper.swift */; };
		D1BDB2131BE548BA00C38DEB /* AlamofireObjectMapper.framework in Frameworks */ = {isa = PBXBuildFile; fileRef = D1BDB2111BE548BA00C38DEB /* AlamofireObjectMapper.framework */; };
		D1BDB2141BE548BA00C38DEB /* ObjectMapper.framework in Frameworks */ = {isa = PBXBuildFile; fileRef = D1BDB2121BE548BA00C38DEB /* ObjectMapper.framework */; };
		D1BDB2181BE5490400C38DEB /* BixiAPIResponse.swift in Sources */ = {isa = PBXBuildFile; fileRef = D1BDB2171BE5490400C38DEB /* BixiAPIResponse.swift */; };
		D1BDB21A1BE573C000C38DEB /* SVProgressHUD.framework in Frameworks */ = {isa = PBXBuildFile; fileRef = D1BDB2191BE573C000C38DEB /* SVProgressHUD.framework */; };
		D1C4D76A1CEFC163001982F3 /* StationListSectionHeaderCell.swift in Sources */ = {isa = PBXBuildFile; fileRef = D1C4D7691CEFC163001982F3 /* StationListSectionHeaderCell.swift */; };
		D1E551151CA33C4A002561BB /* Fabric.framework in Frameworks */ = {isa = PBXBuildFile; fileRef = D1E551131CA33C4A002561BB /* Fabric.framework */; };
		D1E551181CA33D5B002561BB /* Crashlytics.framework in Frameworks */ = {isa = PBXBuildFile; fileRef = D1E551171CA33D5B002561BB /* Crashlytics.framework */; };
		D1E5511A1CA344CF002561BB /* AnalyticsService.swift in Sources */ = {isa = PBXBuildFile; fileRef = D1E551191CA344CF002561BB /* AnalyticsService.swift */; };
		D1F7B7FC1BACE2B600D6732C /* SystemConfiguration.framework in Frameworks */ = {isa = PBXBuildFile; fileRef = D1F7B7FB1BACE2B600D6732C /* SystemConfiguration.framework */; };
/* End PBXBuildFile section */

/* Begin PBXContainerItemProxy section */
		C516EFFD1B0CE6CB00CF4468 /* PBXContainerItemProxy */ = {
			isa = PBXContainerItemProxy;
			containerPortal = C516EFDD1B0CE6CB00CF4468 /* Project object */;
			proxyType = 1;
			remoteGlobalIDString = C516EFE41B0CE6CB00CF4468;
			remoteInfo = "Bike Buddy";
		};
		D1B6DD1F1C9EC3E3008543A3 /* PBXContainerItemProxy */ = {
			isa = PBXContainerItemProxy;
			containerPortal = C516EFDD1B0CE6CB00CF4468 /* Project object */;
			proxyType = 1;
			remoteGlobalIDString = C516EFE41B0CE6CB00CF4468;
			remoteInfo = "Bike Buddy";
		};
/* End PBXContainerItemProxy section */

/* Begin PBXFileReference section */
		C513A7141B5E8547003BA84F /* Base */ = {isa = PBXFileReference; lastKnownFileType = text.plist.strings; name = Base; path = Base.lproj/Localizable.strings; sourceTree = "<group>"; };
		C516EFE51B0CE6CB00CF4468 /* Bike Buddy.app */ = {isa = PBXFileReference; explicitFileType = wrapper.application; includeInIndex = 0; path = "Bike Buddy.app"; sourceTree = BUILT_PRODUCTS_DIR; };
		C516EFE91B0CE6CB00CF4468 /* Info.plist */ = {isa = PBXFileReference; lastKnownFileType = text.plist.xml; path = Info.plist; sourceTree = "<group>"; };
		C516EFEA1B0CE6CB00CF4468 /* AppDelegate.swift */ = {isa = PBXFileReference; lastKnownFileType = sourcecode.swift; path = AppDelegate.swift; sourceTree = "<group>"; };
		C516EFF11B0CE6CB00CF4468 /* Base */ = {isa = PBXFileReference; lastKnownFileType = file.storyboard; name = Base; path = Base.lproj/Main.storyboard; sourceTree = "<group>"; };
		C516EFF31B0CE6CB00CF4468 /* Images.xcassets */ = {isa = PBXFileReference; lastKnownFileType = folder.assetcatalog; path = Images.xcassets; sourceTree = "<group>"; };
		C516EFF61B0CE6CB00CF4468 /* Base */ = {isa = PBXFileReference; lastKnownFileType = file.xib; name = Base; path = Base.lproj/LaunchScreen.xib; sourceTree = "<group>"; };
		C516EFFC1B0CE6CB00CF4468 /* Bike BuddyTests.xctest */ = {isa = PBXFileReference; explicitFileType = wrapper.cfbundle; includeInIndex = 0; path = "Bike BuddyTests.xctest"; sourceTree = BUILT_PRODUCTS_DIR; };
		C516F0011B0CE6CB00CF4468 /* Info.plist */ = {isa = PBXFileReference; lastKnownFileType = text.plist.xml; path = Info.plist; sourceTree = "<group>"; };
		C516F00C1B0CE79100CF4468 /* SettingsTableViewController.swift */ = {isa = PBXFileReference; fileEncoding = 4; lastKnownFileType = sourcecode.swift; path = SettingsTableViewController.swift; sourceTree = "<group>"; };
		C516F00E1B0CE7EB00CF4468 /* StationsListTableViewController.swift */ = {isa = PBXFileReference; fileEncoding = 4; lastKnownFileType = sourcecode.swift; path = StationsListTableViewController.swift; sourceTree = "<group>"; };
		C516F0101B0CE80F00CF4468 /* MapViewController.swift */ = {isa = PBXFileReference; fileEncoding = 4; lastKnownFileType = sourcecode.swift; path = MapViewController.swift; sourceTree = "<group>"; };
		C516F0161B0CF11100CF4468 /* Station.swift */ = {isa = PBXFileReference; fileEncoding = 4; lastKnownFileType = sourcecode.swift; path = Station.swift; sourceTree = "<group>"; };
		C516F01A1B0DAA7C00CF4468 /* MapKit.framework */ = {isa = PBXFileReference; lastKnownFileType = wrapper.framework; name = MapKit.framework; path = System/Library/Frameworks/MapKit.framework; sourceTree = SDKROOT; };
		C516F01F1B0DC1DE00CF4468 /* StationsDataService.swift */ = {isa = PBXFileReference; fileEncoding = 4; lastKnownFileType = sourcecode.swift; path = StationsDataService.swift; sourceTree = "<group>"; };
		C5328C081B0E262100B47840 /* BikeBuddy-Bridging-Header.h */ = {isa = PBXFileReference; lastKnownFileType = sourcecode.c.h; path = "BikeBuddy-Bridging-Header.h"; sourceTree = "<group>"; };
		C54242671BEB9B6D00E826C4 /* ProgressHUDService.swift */ = {isa = PBXFileReference; fileEncoding = 4; lastKnownFileType = sourcecode.swift; path = ProgressHUDService.swift; sourceTree = "<group>"; };
		C5721B4A1B5A7A58009C5EFF /* Accounts.framework */ = {isa = PBXFileReference; lastKnownFileType = wrapper.framework; name = Accounts.framework; path = System/Library/Frameworks/Accounts.framework; sourceTree = SDKROOT; };
		C5721B4B1B5A7A58009C5EFF /* Social.framework */ = {isa = PBXFileReference; lastKnownFileType = wrapper.framework; name = Social.framework; path = System/Library/Frameworks/Social.framework; sourceTree = SDKROOT; };
		C5721B4C1B5A7A58009C5EFF /* Twitter.framework */ = {isa = PBXFileReference; lastKnownFileType = wrapper.framework; name = Twitter.framework; path = System/Library/Frameworks/Twitter.framework; sourceTree = SDKROOT; };
		C5886ACA1B22944500FF6D0E /* ThemeService.swift */ = {isa = PBXFileReference; fileEncoding = 4; lastKnownFileType = sourcecode.swift; path = ThemeService.swift; sourceTree = "<group>"; };
		C5886ACC1B22A07100FF6D0E /* UIColor_BikeBuddyExt.swift */ = {isa = PBXFileReference; fileEncoding = 4; lastKnownFileType = sourcecode.swift; path = UIColor_BikeBuddyExt.swift; sourceTree = "<group>"; };
		C59090471B0F1E8E0043FFFD /* Divvy_API_Response.json */ = {isa = PBXFileReference; fileEncoding = 4; lastKnownFileType = text.json; path = Divvy_API_Response.json; sourceTree = "<group>"; };
		C5C215871B0F76F000FEB01C /* FirstTimeUse.storyboard */ = {isa = PBXFileReference; fileEncoding = 4; lastKnownFileType = file.storyboard; path = FirstTimeUse.storyboard; sourceTree = "<group>"; };
		C5C215891B0F782400FEB01C /* FTUSelectCityTableViewController.swift */ = {isa = PBXFileReference; fileEncoding = 4; lastKnownFileType = sourcecode.swift; path = FTUSelectCityTableViewController.swift; sourceTree = "<group>"; };
		C5C2158B1B0F785B00FEB01C /* City.swift */ = {isa = PBXFileReference; fileEncoding = 4; lastKnownFileType = sourcecode.swift; path = City.swift; sourceTree = "<group>"; };
		C5C2158D1B0F78C900FEB01C /* Cities.plist */ = {isa = PBXFileReference; fileEncoding = 4; lastKnownFileType = text.plist.xml; path = Cities.plist; sourceTree = "<group>"; };
		C5C215941B0F7D5100FEB01C /* SettingsService.swift */ = {isa = PBXFileReference; fileEncoding = 4; lastKnownFileType = sourcecode.swift; path = SettingsService.swift; sourceTree = "<group>"; };
		C5C215981B0F809C00FEB01C /* Constants.swift */ = {isa = PBXFileReference; fileEncoding = 4; lastKnownFileType = sourcecode.swift; path = Constants.swift; sourceTree = "<group>"; };
		C5C2A8AC1B62858500B3FD65 /* MainTabViewController.swift */ = {isa = PBXFileReference; fileEncoding = 4; lastKnownFileType = sourcecode.swift; path = MainTabViewController.swift; sourceTree = "<group>"; };
		C5E8732A1B1097AA00217C93 /* FTULocationAccessViewController.swift */ = {isa = PBXFileReference; fileEncoding = 4; lastKnownFileType = sourcecode.swift; path = FTULocationAccessViewController.swift; sourceTree = "<group>"; };
		C5E8732C1B109B2A00217C93 /* FTUFinishedViewController.swift */ = {isa = PBXFileReference; fileEncoding = 4; lastKnownFileType = sourcecode.swift; path = FTUFinishedViewController.swift; sourceTree = "<group>"; };
		C5E873301B109D5000217C93 /* UIApplication_BikeBuddyExt.swift */ = {isa = PBXFileReference; fileEncoding = 4; lastKnownFileType = sourcecode.swift; path = UIApplication_BikeBuddyExt.swift; sourceTree = "<group>"; };
		C5E873321B10A5BA00217C93 /* Alamofire.framework */ = {isa = PBXFileReference; lastKnownFileType = wrapper.framework; name = Alamofire.framework; path = Carthage/Build/iOS/Alamofire.framework; sourceTree = "<group>"; };
		D10242F91B21137F00FCB923 /* SettingsNumberOfClosestStationsTableViewController.swift */ = {isa = PBXFileReference; fileEncoding = 4; lastKnownFileType = sourcecode.swift; path = SettingsNumberOfClosestStationsTableViewController.swift; sourceTree = "<group>"; };
		D10C2F721CA6C6870098D5AD /* AnalyticsServiceProtocol.swift */ = {isa = PBXFileReference; fileEncoding = 4; lastKnownFileType = sourcecode.swift; path = AnalyticsServiceProtocol.swift; sourceTree = "<group>"; };
		D111F4621CD99453003F3609 /* StationTableViewCell.swift */ = {isa = PBXFileReference; fileEncoding = 4; lastKnownFileType = sourcecode.swift; path = StationTableViewCell.swift; sourceTree = "<group>"; };
		D1151E601B655F2500584707 /* Divvy_API_Response.json */ = {isa = PBXFileReference; fileEncoding = 4; lastKnownFileType = text.json; path = Divvy_API_Response.json; sourceTree = "<group>"; };
		D1151E621B655F7100584707 /* StationsDataServiceTests.swift */ = {isa = PBXFileReference; fileEncoding = 4; lastKnownFileType = sourcecode.swift; path = StationsDataServiceTests.swift; sourceTree = "<group>"; };
		D1151E6C1B65632D00584707 /* StationTests.swift */ = {isa = PBXFileReference; fileEncoding = 4; lastKnownFileType = sourcecode.swift; path = StationTests.swift; sourceTree = "<group>"; };
		D12DA3931B13884300C40E64 /* SettingsSelectCityTableViewController.swift */ = {isa = PBXFileReference; fileEncoding = 4; lastKnownFileType = sourcecode.swift; path = SettingsSelectCityTableViewController.swift; sourceTree = "<group>"; };
		D131EA461B2919D500F08241 /* UILabel_BikeBuddyExt.swift */ = {isa = PBXFileReference; fileEncoding = 4; lastKnownFileType = sourcecode.swift; path = UILabel_BikeBuddyExt.swift; sourceTree = "<group>"; };
		D1341E221C9DE190008F9343 /* SettingsAboutTableViewController.swift */ = {isa = PBXFileReference; fileEncoding = 4; lastKnownFileType = sourcecode.swift; path = SettingsAboutTableViewController.swift; sourceTree = "<group>"; };
		D146DC801B156D3000F7456E /* Stations.swift */ = {isa = PBXFileReference; fileEncoding = 4; lastKnownFileType = sourcecode.swift; path = Stations.swift; sourceTree = "<group>"; };
		D146DE6C1C9F40CD00083A9C /* PrivacyPolicy.txt */ = {isa = PBXFileReference; fileEncoding = 4; lastKnownFileType = text; path = PrivacyPolicy.txt; sourceTree = "<group>"; };
		D146DE6E1C9F419C00083A9C /* SettingsAboutPrivacyPolicyTableViewController.swift */ = {isa = PBXFileReference; fileEncoding = 4; lastKnownFileType = sourcecode.swift; path = SettingsAboutPrivacyPolicyTableViewController.swift; sourceTree = "<group>"; };
		D17C7C431B24DAE600509916 /* FTUWelcomeViewController.swift */ = {isa = PBXFileReference; fileEncoding = 4; lastKnownFileType = sourcecode.swift; path = FTUWelcomeViewController.swift; sourceTree = "<group>"; };
		D194CA631C9D7E3F0028BDB7 /* StationDetailTableViewController.swift */ = {isa = PBXFileReference; fileEncoding = 4; lastKnownFileType = sourcecode.swift; path = StationDetailTableViewController.swift; sourceTree = "<group>"; };
		D1B6DD1A1C9EC3E3008543A3 /* Bike BuddyUITests.xctest */ = {isa = PBXFileReference; explicitFileType = wrapper.cfbundle; includeInIndex = 0; path = "Bike BuddyUITests.xctest"; sourceTree = BUILT_PRODUCTS_DIR; };
		D1B6DD1C1C9EC3E3008543A3 /* BikeBuddySnapshotTests.swift */ = {isa = PBXFileReference; lastKnownFileType = sourcecode.swift; path = BikeBuddySnapshotTests.swift; sourceTree = "<group>"; };
		D1B6DD1E1C9EC3E3008543A3 /* Info.plist */ = {isa = PBXFileReference; lastKnownFileType = text.plist.xml; path = Info.plist; sourceTree = "<group>"; };
		D1B6DD251C9EC436008543A3 /* SnapshotHelper.swift */ = {isa = PBXFileReference; fileEncoding = 4; lastKnownFileType = sourcecode.swift; name = SnapshotHelper.swift; path = fastlane/SnapshotHelper.swift; sourceTree = SOURCE_ROOT; };
		D1BDB2111BE548BA00C38DEB /* AlamofireObjectMapper.framework */ = {isa = PBXFileReference; lastKnownFileType = wrapper.framework; name = AlamofireObjectMapper.framework; path = Carthage/Build/iOS/AlamofireObjectMapper.framework; sourceTree = "<group>"; };
		D1BDB2121BE548BA00C38DEB /* ObjectMapper.framework */ = {isa = PBXFileReference; lastKnownFileType = wrapper.framework; name = ObjectMapper.framework; path = Carthage/Build/iOS/ObjectMapper.framework; sourceTree = "<group>"; };
		D1BDB2171BE5490400C38DEB /* BixiAPIResponse.swift */ = {isa = PBXFileReference; fileEncoding = 4; lastKnownFileType = sourcecode.swift; path = BixiAPIResponse.swift; sourceTree = "<group>"; };
		D1BDB2191BE573C000C38DEB /* SVProgressHUD.framework */ = {isa = PBXFileReference; lastKnownFileType = wrapper.framework; name = SVProgressHUD.framework; path = Carthage/Build/iOS/SVProgressHUD.framework; sourceTree = "<group>"; };
		D1C4D7691CEFC163001982F3 /* StationListSectionHeaderCell.swift */ = {isa = PBXFileReference; fileEncoding = 4; lastKnownFileType = sourcecode.swift; path = StationListSectionHeaderCell.swift; sourceTree = "<group>"; };
		D1E551131CA33C4A002561BB /* Fabric.framework */ = {isa = PBXFileReference; lastKnownFileType = wrapper.framework; path = Fabric.framework; sourceTree = "<group>"; };
		D1E551141CA33C4A002561BB /* Answers.framework */ = {isa = PBXFileReference; lastKnownFileType = wrapper.framework; path = Answers.framework; sourceTree = "<group>"; };
		D1E551171CA33D5B002561BB /* Crashlytics.framework */ = {isa = PBXFileReference; lastKnownFileType = wrapper.framework; path = Crashlytics.framework; sourceTree = "<group>"; };
		D1E551191CA344CF002561BB /* AnalyticsService.swift */ = {isa = PBXFileReference; fileEncoding = 4; lastKnownFileType = sourcecode.swift; path = AnalyticsService.swift; sourceTree = "<group>"; };
		D1F7B7FB1BACE2B600D6732C /* SystemConfiguration.framework */ = {isa = PBXFileReference; lastKnownFileType = wrapper.framework; name = SystemConfiguration.framework; path = System/Library/Frameworks/SystemConfiguration.framework; sourceTree = SDKROOT; };
/* End PBXFileReference section */

/* Begin PBXFrameworksBuildPhase section */
		C516EFE21B0CE6CB00CF4468 /* Frameworks */ = {
			isa = PBXFrameworksBuildPhase;
			buildActionMask = 2147483647;
			files = (
				D1F7B7FC1BACE2B600D6732C /* SystemConfiguration.framework in Frameworks */,
				D1E551151CA33C4A002561BB /* Fabric.framework in Frameworks */,
				D1BDB2131BE548BA00C38DEB /* AlamofireObjectMapper.framework in Frameworks */,
				C5721B4D1B5A7A58009C5EFF /* Accounts.framework in Frameworks */,
				C5721B4E1B5A7A58009C5EFF /* Social.framework in Frameworks */,
				C5721B4F1B5A7A58009C5EFF /* Twitter.framework in Frameworks */,
				C516F01B1B0DAA7C00CF4468 /* MapKit.framework in Frameworks */,
				D1BDB21A1BE573C000C38DEB /* SVProgressHUD.framework in Frameworks */,
				D1BDB2141BE548BA00C38DEB /* ObjectMapper.framework in Frameworks */,
				C5E873331B10A5BA00217C93 /* Alamofire.framework in Frameworks */,
				D1E551181CA33D5B002561BB /* Crashlytics.framework in Frameworks */,
			);
			runOnlyForDeploymentPostprocessing = 0;
		};
		C516EFF91B0CE6CB00CF4468 /* Frameworks */ = {
			isa = PBXFrameworksBuildPhase;
			buildActionMask = 2147483647;
			files = (
				D1151E661B6560C000584707 /* Alamofire.framework in Frameworks */,
			);
			runOnlyForDeploymentPostprocessing = 0;
		};
		D1B6DD171C9EC3E3008543A3 /* Frameworks */ = {
			isa = PBXFrameworksBuildPhase;
			buildActionMask = 2147483647;
			files = (
			);
			runOnlyForDeploymentPostprocessing = 0;
		};
/* End PBXFrameworksBuildPhase section */

/* Begin PBXGroup section */
		C516EFDC1B0CE6CB00CF4468 = {
			isa = PBXGroup;
			children = (
				C516EFE71B0CE6CB00CF4468 /* Bike Buddy */,
				C516EFFF1B0CE6CB00CF4468 /* Bike BuddyTests */,
				D1B6DD1B1C9EC3E3008543A3 /* Bike BuddyUITests */,
				C516EFE61B0CE6CB00CF4468 /* Products */,
				E9678157F4E75F6588D67B18 /* Frameworks */,
			);
			sourceTree = "<group>";
		};
		C516EFE61B0CE6CB00CF4468 /* Products */ = {
			isa = PBXGroup;
			children = (
				C516EFE51B0CE6CB00CF4468 /* Bike Buddy.app */,
				C516EFFC1B0CE6CB00CF4468 /* Bike BuddyTests.xctest */,
				D1B6DD1A1C9EC3E3008543A3 /* Bike BuddyUITests.xctest */,
			);
			name = Products;
			sourceTree = "<group>";
		};
		C516EFE71B0CE6CB00CF4468 /* Bike Buddy */ = {
			isa = PBXGroup;
			children = (
				C5E8732F1B109D3500217C93 /* Class Extensions */,
				C516F01E1B0DC1C400CF4468 /* Services */,
				C516F0131B0CEFF100CF4468 /* ViewControllers */,
				C516F0151B0CF01000CF4468 /* Views */,
				C516F0141B0CF00500CF4468 /* Models */,
				C516EFEA1B0CE6CB00CF4468 /* AppDelegate.swift */,
				C5C215981B0F809C00FEB01C /* Constants.swift */,
				C516EFE81B0CE6CB00CF4468 /* Supporting Files */,
			);
			path = "Bike Buddy";
			sourceTree = "<group>";
		};
		C516EFE81B0CE6CB00CF4468 /* Supporting Files */ = {
			isa = PBXGroup;
			children = (
				C59090471B0F1E8E0043FFFD /* Divvy_API_Response.json */,
				C516EFF31B0CE6CB00CF4468 /* Images.xcassets */,
				C516EFE91B0CE6CB00CF4468 /* Info.plist */,
				C5C2158D1B0F78C900FEB01C /* Cities.plist */,
				C5328C081B0E262100B47840 /* BikeBuddy-Bridging-Header.h */,
				C513A7151B5E8547003BA84F /* Localizable.strings */,
				D146DE6C1C9F40CD00083A9C /* PrivacyPolicy.txt */,
			);
			name = "Supporting Files";
			sourceTree = "<group>";
		};
		C516EFFF1B0CE6CB00CF4468 /* Bike BuddyTests */ = {
			isa = PBXGroup;
			children = (
				D1151E6A1B65630900584707 /* Services */,
				D1151E6B1B65631600584707 /* Models */,
				C516F0001B0CE6CB00CF4468 /* Supporting Files */,
			);
			path = "Bike BuddyTests";
			sourceTree = "<group>";
		};
		C516F0001B0CE6CB00CF4468 /* Supporting Files */ = {
			isa = PBXGroup;
			children = (
				D1151E601B655F2500584707 /* Divvy_API_Response.json */,
				C516F0011B0CE6CB00CF4468 /* Info.plist */,
			);
			name = "Supporting Files";
			sourceTree = "<group>";
		};
		C516F0131B0CEFF100CF4468 /* ViewControllers */ = {
			isa = PBXGroup;
			children = (
				D17C7C431B24DAE600509916 /* FTUWelcomeViewController.swift */,
				C5C215891B0F782400FEB01C /* FTUSelectCityTableViewController.swift */,
				C5E8732A1B1097AA00217C93 /* FTULocationAccessViewController.swift */,
				C5E8732C1B109B2A00217C93 /* FTUFinishedViewController.swift */,
				C5C2A8AC1B62858500B3FD65 /* MainTabViewController.swift */,
				C516F0101B0CE80F00CF4468 /* MapViewController.swift */,
				C516F00E1B0CE7EB00CF4468 /* StationsListTableViewController.swift */,
				D194CA631C9D7E3F0028BDB7 /* StationDetailTableViewController.swift */,
				C516F00C1B0CE79100CF4468 /* SettingsTableViewController.swift */,
				D12DA3931B13884300C40E64 /* SettingsSelectCityTableViewController.swift */,
				D10242F91B21137F00FCB923 /* SettingsNumberOfClosestStationsTableViewController.swift */,
				D1341E221C9DE190008F9343 /* SettingsAboutTableViewController.swift */,
				D146DE6E1C9F419C00083A9C /* SettingsAboutPrivacyPolicyTableViewController.swift */,
			);
			name = ViewControllers;
			sourceTree = "<group>";
		};
		C516F0141B0CF00500CF4468 /* Models */ = {
			isa = PBXGroup;
			children = (
				C516F0161B0CF11100CF4468 /* Station.swift */,
				C5C2158B1B0F785B00FEB01C /* City.swift */,
				D146DC801B156D3000F7456E /* Stations.swift */,
				D1BDB2171BE5490400C38DEB /* BixiAPIResponse.swift */,
			);
			name = Models;
			sourceTree = "<group>";
		};
		C516F0151B0CF01000CF4468 /* Views */ = {
			isa = PBXGroup;
			children = (
				C516EFF01B0CE6CB00CF4468 /* Main.storyboard */,
				C5C215871B0F76F000FEB01C /* FirstTimeUse.storyboard */,
				C516EFF51B0CE6CB00CF4468 /* LaunchScreen.xib */,
				D111F4621CD99453003F3609 /* StationTableViewCell.swift */,
				D1C4D7691CEFC163001982F3 /* StationListSectionHeaderCell.swift */,
			);
			name = Views;
			sourceTree = "<group>";
		};
		C516F01E1B0DC1C400CF4468 /* Services */ = {
			isa = PBXGroup;
			children = (
				D10C2F711CA6C6700098D5AD /* Protocols */,
				C516F01F1B0DC1DE00CF4468 /* StationsDataService.swift */,
				C5C215941B0F7D5100FEB01C /* SettingsService.swift */,
				C5886ACA1B22944500FF6D0E /* ThemeService.swift */,
				C54242671BEB9B6D00E826C4 /* ProgressHUDService.swift */,
				D1E551191CA344CF002561BB /* AnalyticsService.swift */,
			);
			name = Services;
			sourceTree = "<group>";
		};
		C5E8732F1B109D3500217C93 /* Class Extensions */ = {
			isa = PBXGroup;
			children = (
				C5E873301B109D5000217C93 /* UIApplication_BikeBuddyExt.swift */,
				C5886ACC1B22A07100FF6D0E /* UIColor_BikeBuddyExt.swift */,
				D131EA461B2919D500F08241 /* UILabel_BikeBuddyExt.swift */,
			);
			name = "Class Extensions";
			sourceTree = "<group>";
		};
		D10C2F711CA6C6700098D5AD /* Protocols */ = {
			isa = PBXGroup;
			children = (
				D10C2F721CA6C6870098D5AD /* AnalyticsServiceProtocol.swift */,
			);
			name = Protocols;
			sourceTree = "<group>";
		};
		D1151E6A1B65630900584707 /* Services */ = {
			isa = PBXGroup;
			children = (
				D1151E621B655F7100584707 /* StationsDataServiceTests.swift */,
			);
			name = Services;
			sourceTree = "<group>";
		};
		D1151E6B1B65631600584707 /* Models */ = {
			isa = PBXGroup;
			children = (
				D1151E6C1B65632D00584707 /* StationTests.swift */,
			);
			name = Models;
			sourceTree = "<group>";
		};
		D1B6DD1B1C9EC3E3008543A3 /* Bike BuddyUITests */ = {
			isa = PBXGroup;
			children = (
				D1B6DD251C9EC436008543A3 /* SnapshotHelper.swift */,
				D1B6DD1C1C9EC3E3008543A3 /* BikeBuddySnapshotTests.swift */,
				D1B6DD1E1C9EC3E3008543A3 /* Info.plist */,
			);
			path = "Bike BuddyUITests";
			sourceTree = "<group>";
		};
		E9678157F4E75F6588D67B18 /* Frameworks */ = {
			isa = PBXGroup;
			children = (
				D1E551171CA33D5B002561BB /* Crashlytics.framework */,
				D1E551131CA33C4A002561BB /* Fabric.framework */,
				D1E551141CA33C4A002561BB /* Answers.framework */,
				D1BDB2191BE573C000C38DEB /* SVProgressHUD.framework */,
				D1BDB2111BE548BA00C38DEB /* AlamofireObjectMapper.framework */,
				D1BDB2121BE548BA00C38DEB /* ObjectMapper.framework */,
				D1F7B7FB1BACE2B600D6732C /* SystemConfiguration.framework */,
				C5721B4A1B5A7A58009C5EFF /* Accounts.framework */,
				C5721B4B1B5A7A58009C5EFF /* Social.framework */,
				C5721B4C1B5A7A58009C5EFF /* Twitter.framework */,
				C5E873321B10A5BA00217C93 /* Alamofire.framework */,
				C516F01A1B0DAA7C00CF4468 /* MapKit.framework */,
			);
			name = Frameworks;
			sourceTree = "<group>";
		};
/* End PBXGroup section */

/* Begin PBXNativeTarget section */
		C516EFE41B0CE6CB00CF4468 /* Bike Buddy */ = {
			isa = PBXNativeTarget;
			buildConfigurationList = C516F0061B0CE6CB00CF4468 /* Build configuration list for PBXNativeTarget "Bike Buddy" */;
			buildPhases = (
				C516EFE11B0CE6CB00CF4468 /* Sources */,
				C516EFE21B0CE6CB00CF4468 /* Frameworks */,
				C516EFE31B0CE6CB00CF4468 /* Resources */,
				C5E873341B10A5CD00217C93 /* Carthage Copy Frameworks */,
				D1E551121CA33C29002561BB /* Copy in Fabric */,
				D10C2F741CA6C9CA0098D5AD /* Run SwiftLint */,
				D1B2EFEE1CA81FC100A5B218 /* Check for Unused Strings */,
			);
			buildRules = (
			);
			dependencies = (
			);
			name = "Bike Buddy";
			productName = "Bike Buddy";
			productReference = C516EFE51B0CE6CB00CF4468 /* Bike Buddy.app */;
			productType = "com.apple.product-type.application";
		};
		C516EFFB1B0CE6CB00CF4468 /* Bike BuddyTests */ = {
			isa = PBXNativeTarget;
			buildConfigurationList = C516F0091B0CE6CB00CF4468 /* Build configuration list for PBXNativeTarget "Bike BuddyTests" */;
			buildPhases = (
				C516EFF81B0CE6CB00CF4468 /* Sources */,
				C516EFF91B0CE6CB00CF4468 /* Frameworks */,
				C516EFFA1B0CE6CB00CF4468 /* Resources */,
			);
			buildRules = (
			);
			dependencies = (
				C516EFFE1B0CE6CB00CF4468 /* PBXTargetDependency */,
			);
			name = "Bike BuddyTests";
			productName = "Bike BuddyTests";
			productReference = C516EFFC1B0CE6CB00CF4468 /* Bike BuddyTests.xctest */;
			productType = "com.apple.product-type.bundle.unit-test";
		};
		D1B6DD191C9EC3E3008543A3 /* Bike BuddyUITests */ = {
			isa = PBXNativeTarget;
			buildConfigurationList = D1B6DD241C9EC3E3008543A3 /* Build configuration list for PBXNativeTarget "Bike BuddyUITests" */;
			buildPhases = (
				D1B6DD161C9EC3E3008543A3 /* Sources */,
				D1B6DD171C9EC3E3008543A3 /* Frameworks */,
				D1B6DD181C9EC3E3008543A3 /* Resources */,
			);
			buildRules = (
			);
			dependencies = (
				D1B6DD201C9EC3E3008543A3 /* PBXTargetDependency */,
			);
			name = "Bike BuddyUITests";
			productName = "Bike BuddyUITests";
			productReference = D1B6DD1A1C9EC3E3008543A3 /* Bike BuddyUITests.xctest */;
			productType = "com.apple.product-type.bundle.ui-testing";
		};
/* End PBXNativeTarget section */

/* Begin PBXProject section */
		C516EFDD1B0CE6CB00CF4468 /* Project object */ = {
			isa = PBXProject;
			attributes = {
				LastSwiftMigration = 0700;
				LastSwiftUpdateCheck = 0720;
				LastUpgradeCheck = 0700;
				ORGANIZATIONNAME = "Cloudgate Studios";
				TargetAttributes = {
					C516EFE41B0CE6CB00CF4468 = {
						CreatedOnToolsVersion = 6.3;
						DevelopmentTeam = KXYM4B4J29;
					};
					C516EFFB1B0CE6CB00CF4468 = {
						CreatedOnToolsVersion = 6.3;
						TestTargetID = C516EFE41B0CE6CB00CF4468;
					};
					D1B6DD191C9EC3E3008543A3 = {
						CreatedOnToolsVersion = 7.2.1;
						TestTargetID = C516EFE41B0CE6CB00CF4468;
					};
				};
			};
			buildConfigurationList = C516EFE01B0CE6CB00CF4468 /* Build configuration list for PBXProject "Bike Buddy" */;
			compatibilityVersion = "Xcode 3.2";
			developmentRegion = English;
			hasScannedForEncodings = 0;
			knownRegions = (
				en,
				Base,
			);
			mainGroup = C516EFDC1B0CE6CB00CF4468;
			productRefGroup = C516EFE61B0CE6CB00CF4468 /* Products */;
			projectDirPath = "";
			projectRoot = "";
			targets = (
				C516EFE41B0CE6CB00CF4468 /* Bike Buddy */,
				C516EFFB1B0CE6CB00CF4468 /* Bike BuddyTests */,
				D1B6DD191C9EC3E3008543A3 /* Bike BuddyUITests */,
			);
		};
/* End PBXProject section */

/* Begin PBXResourcesBuildPhase section */
		C516EFE31B0CE6CB00CF4468 /* Resources */ = {
			isa = PBXResourcesBuildPhase;
			buildActionMask = 2147483647;
			files = (
				C59090481B0F1E8E0043FFFD /* Divvy_API_Response.json in Resources */,
				C5C215881B0F76F000FEB01C /* FirstTimeUse.storyboard in Resources */,
				C516EFF21B0CE6CB00CF4468 /* Main.storyboard in Resources */,
				C513A7131B5E8547003BA84F /* Localizable.strings in Resources */,
				C516EFF71B0CE6CB00CF4468 /* LaunchScreen.xib in Resources */,
				D146DE6D1C9F40CD00083A9C /* PrivacyPolicy.txt in Resources */,
				C516EFF41B0CE6CB00CF4468 /* Images.xcassets in Resources */,
				C5C2158E1B0F78C900FEB01C /* Cities.plist in Resources */,
			);
			runOnlyForDeploymentPostprocessing = 0;
		};
		C516EFFA1B0CE6CB00CF4468 /* Resources */ = {
			isa = PBXResourcesBuildPhase;
			buildActionMask = 2147483647;
			files = (
				D1151E611B655F2500584707 /* Divvy_API_Response.json in Resources */,
			);
			runOnlyForDeploymentPostprocessing = 0;
		};
		D1B6DD181C9EC3E3008543A3 /* Resources */ = {
			isa = PBXResourcesBuildPhase;
			buildActionMask = 2147483647;
			files = (
			);
			runOnlyForDeploymentPostprocessing = 0;
		};
/* End PBXResourcesBuildPhase section */

/* Begin PBXShellScriptBuildPhase section */
		C5E873341B10A5CD00217C93 /* Carthage Copy Frameworks */ = {
			isa = PBXShellScriptBuildPhase;
			buildActionMask = 2147483647;
			files = (
			);
			inputPaths = (
				"$(SRCROOT)/Carthage/Build/iOS/Alamofire.framework",
				"$(SRCROOT)/Carthage/Build/iOS/ObjectMapper.framework",
				"$(SRCROOT)/Carthage/Build/iOS/AlamofireObjectMapper.framework",
				"$(SRCROOT)/Carthage/Build/iOS/SVProgressHUD.framework",
			);
			name = "Carthage Copy Frameworks";
			outputPaths = (
			);
			runOnlyForDeploymentPostprocessing = 0;
			shellPath = /bin/sh;
			shellScript = "/usr/local/bin/carthage copy-frameworks";
		};
		D10C2F741CA6C9CA0098D5AD /* Run SwiftLint */ = {
			isa = PBXShellScriptBuildPhase;
			buildActionMask = 2147483647;
			files = (
			);
			inputPaths = (
			);
			name = "Run SwiftLint";
			outputPaths = (
			);
			runOnlyForDeploymentPostprocessing = 0;
			shellPath = /bin/sh;
			shellScript = "if which swiftlint >/dev/null; then\n    swiftlint\nelse\n    echo \"warning: SwiftLint not installed, download from https://github.com/realm/SwiftLint\"\nfi";
		};
		D1B2EFEE1CA81FC100A5B218 /* Check for Unused Strings */ = {
			isa = PBXShellScriptBuildPhase;
			buildActionMask = 2147483647;
			files = (
			);
			inputPaths = (
			);
			name = "Check for Unused Strings";
			outputPaths = (
			);
			runOnlyForDeploymentPostprocessing = 0;
			shellPath = /bin/sh;
			shellScript = Scripts/StringsChecker.py;
		};
		D1E551121CA33C29002561BB /* Copy in Fabric */ = {
			isa = PBXShellScriptBuildPhase;
			buildActionMask = 2147483647;
			files = (
			);
			inputPaths = (
			);
			name = "Copy in Fabric";
			outputPaths = (
			);
			runOnlyForDeploymentPostprocessing = 0;
			shellPath = /bin/sh;
			shellScript = "./Fabric.framework/run ${FABRIC_API_KEY} ${FABRIC_API_SECRET}";
		};
/* End PBXShellScriptBuildPhase section */

/* Begin PBXSourcesBuildPhase section */
		C516EFE11B0CE6CB00CF4468 /* Sources */ = {
			isa = PBXSourcesBuildPhase;
			buildActionMask = 2147483647;
			files = (
				D146DE6F1C9F419C00083A9C /* SettingsAboutPrivacyPolicyTableViewController.swift in Sources */,
				D1341E231C9DE190008F9343 /* SettingsAboutTableViewController.swift in Sources */,
				D10C2F731CA6C6870098D5AD /* AnalyticsServiceProtocol.swift in Sources */,
				C5C215951B0F7D5100FEB01C /* SettingsService.swift in Sources */,
				C5E873311B109D5000217C93 /* UIApplication_BikeBuddyExt.swift in Sources */,
				D194CA641C9D7E3F0028BDB7 /* StationDetailTableViewController.swift in Sources */,
				D17C7C441B24DAE600509916 /* FTUWelcomeViewController.swift in Sources */,
				C516F00D1B0CE79100CF4468 /* SettingsTableViewController.swift in Sources */,
				C516F0171B0CF11100CF4468 /* Station.swift in Sources */,
				C54242681BEB9B6D00E826C4 /* ProgressHUDService.swift in Sources */,
				C5886ACB1B22944500FF6D0E /* ThemeService.swift in Sources */,
				D10242FA1B21137F00FCB923 /* SettingsNumberOfClosestStationsTableViewController.swift in Sources */,
				C516F0201B0DC1DE00CF4468 /* StationsDataService.swift in Sources */,
				C516EFEB1B0CE6CB00CF4468 /* AppDelegate.swift in Sources */,
				C5C215991B0F809C00FEB01C /* Constants.swift in Sources */,
				D131EA471B2919D500F08241 /* UILabel_BikeBuddyExt.swift in Sources */,
				C5E8732D1B109B2A00217C93 /* FTUFinishedViewController.swift in Sources */,
				C5886ACD1B22A07100FF6D0E /* UIColor_BikeBuddyExt.swift in Sources */,
				C516F00F1B0CE7EB00CF4468 /* StationsListTableViewController.swift in Sources */,
				D111F4631CD99453003F3609 /* StationTableViewCell.swift in Sources */,
				D12DA3941B13884300C40E64 /* SettingsSelectCityTableViewController.swift in Sources */,
				C5C2A8AD1B62858500B3FD65 /* MainTabViewController.swift in Sources */,
				C5E8732B1B1097AA00217C93 /* FTULocationAccessViewController.swift in Sources */,
				D146DC811B156D3000F7456E /* Stations.swift in Sources */,
				C5C2158A1B0F782400FEB01C /* FTUSelectCityTableViewController.swift in Sources */,
				D1C4D76A1CEFC163001982F3 /* StationListSectionHeaderCell.swift in Sources */,
				C5C2158C1B0F785B00FEB01C /* City.swift in Sources */,
				C516F0111B0CE80F00CF4468 /* MapViewController.swift in Sources */,
				D1E5511A1CA344CF002561BB /* AnalyticsService.swift in Sources */,
				D1BDB2181BE5490400C38DEB /* BixiAPIResponse.swift in Sources */,
			);
			runOnlyForDeploymentPostprocessing = 0;
		};
		C516EFF81B0CE6CB00CF4468 /* Sources */ = {
			isa = PBXSourcesBuildPhase;
			buildActionMask = 2147483647;
			files = (
				D1151E631B655F7100584707 /* StationsDataServiceTests.swift in Sources */,
				D1151E6D1B65632D00584707 /* StationTests.swift in Sources */,
				D1151E691B65610700584707 /* Constants.swift in Sources */,
			);
			runOnlyForDeploymentPostprocessing = 0;
		};
		D1B6DD161C9EC3E3008543A3 /* Sources */ = {
			isa = PBXSourcesBuildPhase;
			buildActionMask = 2147483647;
			files = (
				D1B6DD1D1C9EC3E3008543A3 /* BikeBuddySnapshotTests.swift in Sources */,
				D1B6DD261C9EC436008543A3 /* SnapshotHelper.swift in Sources */,
			);
			runOnlyForDeploymentPostprocessing = 0;
		};
/* End PBXSourcesBuildPhase section */

/* Begin PBXTargetDependency section */
		C516EFFE1B0CE6CB00CF4468 /* PBXTargetDependency */ = {
			isa = PBXTargetDependency;
			target = C516EFE41B0CE6CB00CF4468 /* Bike Buddy */;
			targetProxy = C516EFFD1B0CE6CB00CF4468 /* PBXContainerItemProxy */;
		};
		D1B6DD201C9EC3E3008543A3 /* PBXTargetDependency */ = {
			isa = PBXTargetDependency;
			target = C516EFE41B0CE6CB00CF4468 /* Bike Buddy */;
			targetProxy = D1B6DD1F1C9EC3E3008543A3 /* PBXContainerItemProxy */;
		};
/* End PBXTargetDependency section */

/* Begin PBXVariantGroup section */
		C513A7151B5E8547003BA84F /* Localizable.strings */ = {
			isa = PBXVariantGroup;
			children = (
				C513A7141B5E8547003BA84F /* Base */,
			);
			name = Localizable.strings;
			sourceTree = "<group>";
		};
		C516EFF01B0CE6CB00CF4468 /* Main.storyboard */ = {
			isa = PBXVariantGroup;
			children = (
				C516EFF11B0CE6CB00CF4468 /* Base */,
			);
			name = Main.storyboard;
			sourceTree = "<group>";
		};
		C516EFF51B0CE6CB00CF4468 /* LaunchScreen.xib */ = {
			isa = PBXVariantGroup;
			children = (
				C516EFF61B0CE6CB00CF4468 /* Base */,
			);
			name = LaunchScreen.xib;
			sourceTree = "<group>";
		};
/* End PBXVariantGroup section */

/* Begin XCBuildConfiguration section */
		C516F0041B0CE6CB00CF4468 /* Debug */ = {
			isa = XCBuildConfiguration;
			buildSettings = {
				ALWAYS_SEARCH_USER_PATHS = NO;
				BUNDLE_ID_SUFFIX = .debug;
				CLANG_CXX_LANGUAGE_STANDARD = "gnu++0x";
				CLANG_CXX_LIBRARY = "libc++";
				CLANG_ENABLE_MODULES = YES;
				CLANG_ENABLE_OBJC_ARC = YES;
				CLANG_WARN_BOOL_CONVERSION = YES;
				CLANG_WARN_CONSTANT_CONVERSION = YES;
				CLANG_WARN_DIRECT_OBJC_ISA_USAGE = YES_ERROR;
				CLANG_WARN_EMPTY_BODY = YES;
				CLANG_WARN_ENUM_CONVERSION = YES;
				CLANG_WARN_INT_CONVERSION = YES;
				CLANG_WARN_OBJC_ROOT_CLASS = YES_ERROR;
				CLANG_WARN_UNREACHABLE_CODE = YES;
				CLANG_WARN__DUPLICATE_METHOD_MATCH = YES;
				"CODE_SIGN_IDENTITY[sdk=iphoneos*]" = "iPhone Developer";
				COPY_PHASE_STRIP = NO;
				DEBUG_INFORMATION_FORMAT = "dwarf-with-dsym";
				ENABLE_STRICT_OBJC_MSGSEND = YES;
				ENABLE_TESTABILITY = YES;
				GCC_C_LANGUAGE_STANDARD = gnu99;
				GCC_DYNAMIC_NO_PIC = NO;
				GCC_NO_COMMON_BLOCKS = YES;
				GCC_OPTIMIZATION_LEVEL = 0;
				GCC_PREPROCESSOR_DEFINITIONS = (
					"DEBUG=1",
					"$(inherited)",
				);
				GCC_SYMBOLS_PRIVATE_EXTERN = NO;
				GCC_WARN_64_TO_32_BIT_CONVERSION = YES;
				GCC_WARN_ABOUT_RETURN_TYPE = YES_ERROR;
				GCC_WARN_UNDECLARED_SELECTOR = YES;
				GCC_WARN_UNINITIALIZED_AUTOS = YES_AGGRESSIVE;
				GCC_WARN_UNUSED_FUNCTION = YES;
				GCC_WARN_UNUSED_VARIABLE = YES;
				IPHONEOS_DEPLOYMENT_TARGET = 9.0;
				MTL_ENABLE_DEBUG_INFO = YES;
				ONLY_ACTIVE_ARCH = YES;
				SDKROOT = iphoneos;
				SWIFT_OPTIMIZATION_LEVEL = "-Onone";
				TARGETED_DEVICE_FAMILY = "1,2";
			};
			name = Debug;
		};
		C516F0051B0CE6CB00CF4468 /* Release */ = {
			isa = XCBuildConfiguration;
			buildSettings = {
				ALWAYS_SEARCH_USER_PATHS = NO;
				BUNDLE_ID_SUFFIX = "";
				CLANG_CXX_LANGUAGE_STANDARD = "gnu++0x";
				CLANG_CXX_LIBRARY = "libc++";
				CLANG_ENABLE_MODULES = YES;
				CLANG_ENABLE_OBJC_ARC = YES;
				CLANG_WARN_BOOL_CONVERSION = YES;
				CLANG_WARN_CONSTANT_CONVERSION = YES;
				CLANG_WARN_DIRECT_OBJC_ISA_USAGE = YES_ERROR;
				CLANG_WARN_EMPTY_BODY = YES;
				CLANG_WARN_ENUM_CONVERSION = YES;
				CLANG_WARN_INT_CONVERSION = YES;
				CLANG_WARN_OBJC_ROOT_CLASS = YES_ERROR;
				CLANG_WARN_UNREACHABLE_CODE = YES;
				CLANG_WARN__DUPLICATE_METHOD_MATCH = YES;
				"CODE_SIGN_IDENTITY[sdk=iphoneos*]" = "iPhone Developer";
				COPY_PHASE_STRIP = NO;
				DEBUG_INFORMATION_FORMAT = "dwarf-with-dsym";
				ENABLE_NS_ASSERTIONS = NO;
				ENABLE_STRICT_OBJC_MSGSEND = YES;
				GCC_C_LANGUAGE_STANDARD = gnu99;
				GCC_NO_COMMON_BLOCKS = YES;
				GCC_WARN_64_TO_32_BIT_CONVERSION = YES;
				GCC_WARN_ABOUT_RETURN_TYPE = YES_ERROR;
				GCC_WARN_UNDECLARED_SELECTOR = YES;
				GCC_WARN_UNINITIALIZED_AUTOS = YES_AGGRESSIVE;
				GCC_WARN_UNUSED_FUNCTION = YES;
				GCC_WARN_UNUSED_VARIABLE = YES;
				IPHONEOS_DEPLOYMENT_TARGET = 9.0;
				MTL_ENABLE_DEBUG_INFO = NO;
				SDKROOT = iphoneos;
				TARGETED_DEVICE_FAMILY = "1,2";
				VALIDATE_PRODUCT = YES;
			};
			name = Release;
		};
		C516F0071B0CE6CB00CF4468 /* Debug */ = {
			isa = XCBuildConfiguration;
			buildSettings = {
				ASSETCATALOG_COMPILER_APPICON_NAME = "AppIcon${BUNDLE_ID_SUFFIX}";
				CODE_SIGN_IDENTITY = "iPhone Developer";
				CURRENT_PROJECT_VERSION = 24;
				ENABLE_NS_ASSERTIONS = YES;
				FABRIC_API_KEY = e54c6d8a4c3e3842dea83c9c93ced04d15c623c7;
				FABRIC_API_SECRET = d55ddafdab5e860b6df5bde92b5c858ea5ffafead9d0f8ead1dd0179e197863b;
				FRAMEWORK_SEARCH_PATHS = (
					"$(inherited)",
					"$(PROJECT_DIR)/Carthage/Build/iOS",
					"$(PROJECT_DIR)",
				);
				GCC_GENERATE_TEST_COVERAGE_FILES = YES;
				INFOPLIST_FILE = "Bike Buddy/Info.plist";
				IPHONEOS_DEPLOYMENT_TARGET = 9.0;
				LD_RUNPATH_SEARCH_PATHS = "$(inherited) @executable_path/Frameworks";
				PRODUCT_BUNDLE_IDENTIFIER = "com.cloudgatestudios.$(PRODUCT_NAME:rfc1034identifier)${BUNDLE_ID_SUFFIX}";
				PRODUCT_NAME = "$(TARGET_NAME)";
				SWIFT_OBJC_BRIDGING_HEADER = "Bike Buddy/BikeBuddy-Bridging-Header.h";
				TARGETED_DEVICE_FAMILY = "1,2";
			};
			name = Debug;
		};
		C516F0081B0CE6CB00CF4468 /* Release */ = {
			isa = XCBuildConfiguration;
			buildSettings = {
				ASSETCATALOG_COMPILER_APPICON_NAME = "AppIcon${BUNDLE_ID_SUFFIX}";
				CODE_SIGN_IDENTITY = "iPhone Developer";
				CURRENT_PROJECT_VERSION = 24;
				ENABLE_NS_ASSERTIONS = NO;
				ENABLE_TESTABILITY = YES;
				FABRIC_API_KEY = e54c6d8a4c3e3842dea83c9c93ced04d15c623c7;
				FABRIC_API_SECRET = d55ddafdab5e860b6df5bde92b5c858ea5ffafead9d0f8ead1dd0179e197863b;
				FRAMEWORK_SEARCH_PATHS = (
					"$(inherited)",
					"$(PROJECT_DIR)/Carthage/Build/iOS",
					"$(PROJECT_DIR)",
				);
				GCC_GENERATE_TEST_COVERAGE_FILES = YES;
				INFOPLIST_FILE = "Bike Buddy/Info.plist";
				IPHONEOS_DEPLOYMENT_TARGET = 9.0;
				LD_RUNPATH_SEARCH_PATHS = "$(inherited) @executable_path/Frameworks";
				PRODUCT_BUNDLE_IDENTIFIER = "com.cloudgatestudios.$(PRODUCT_NAME:rfc1034identifier)${BUNDLE_ID_SUFFIX}";
				PRODUCT_NAME = "$(TARGET_NAME)";
				SWIFT_OBJC_BRIDGING_HEADER = "Bike Buddy/BikeBuddy-Bridging-Header.h";
				TARGETED_DEVICE_FAMILY = "1,2";
			};
			name = Release;
		};
		C516F00A1B0CE6CB00CF4468 /* Debug */ = {
			isa = XCBuildConfiguration;
			buildSettings = {
				BUNDLE_LOADER = "$(TEST_HOST)";
				FRAMEWORK_SEARCH_PATHS = (
					"$(inherited)",
					"$(PROJECT_DIR)/Carthage/Build/iOS",
				);
				GCC_PREPROCESSOR_DEFINITIONS = (
					"DEBUG=1",
					"$(inherited)",
				);
				INFOPLIST_FILE = "Bike BuddyTests/Info.plist";
				LD_RUNPATH_SEARCH_PATHS = "$(inherited) @executable_path/Frameworks @loader_path/Frameworks";
				PRODUCT_BUNDLE_IDENTIFIER = "CloudgateStudios.$(PRODUCT_NAME:rfc1034identifier)";
				PRODUCT_NAME = "$(TARGET_NAME)";
				TEST_HOST = "$(BUILT_PRODUCTS_DIR)/Bike Buddy.app/Bike Buddy";
			};
			name = Debug;
		};
		C516F00B1B0CE6CB00CF4468 /* Release */ = {
			isa = XCBuildConfiguration;
			buildSettings = {
				BUNDLE_LOADER = "$(TEST_HOST)";
				FRAMEWORK_SEARCH_PATHS = (
					"$(inherited)",
					"$(PROJECT_DIR)/Carthage/Build/iOS",
				);
				INFOPLIST_FILE = "Bike BuddyTests/Info.plist";
				LD_RUNPATH_SEARCH_PATHS = "$(inherited) @executable_path/Frameworks @loader_path/Frameworks";
				PRODUCT_BUNDLE_IDENTIFIER = "CloudgateStudios.$(PRODUCT_NAME:rfc1034identifier)";
				PRODUCT_NAME = "$(TARGET_NAME)";
				TEST_HOST = "$(BUILT_PRODUCTS_DIR)/Bike Buddy.app/Bike Buddy";
			};
			name = Release;
		};
		D1B6DD211C9EC3E3008543A3 /* Debug */ = {
			isa = XCBuildConfiguration;
			buildSettings = {
				DEBUG_INFORMATION_FORMAT = dwarf;
				INFOPLIST_FILE = "Bike BuddyUITests/Info.plist";
				IPHONEOS_DEPLOYMENT_TARGET = 9.2;
				LD_RUNPATH_SEARCH_PATHS = "$(inherited) @executable_path/Frameworks @loader_path/Frameworks";
				PRODUCT_BUNDLE_IDENTIFIER = "com.cloudgatestudios.Bike-BuddyUITests";
				PRODUCT_NAME = "$(TARGET_NAME)";
				TEST_TARGET_NAME = "Bike Buddy";
				USES_XCTRUNNER = YES;
			};
			name = Debug;
		};
		D1B6DD221C9EC3E3008543A3 /* Release */ = {
			isa = XCBuildConfiguration;
			buildSettings = {
				INFOPLIST_FILE = "Bike BuddyUITests/Info.plist";
				IPHONEOS_DEPLOYMENT_TARGET = 9.2;
				LD_RUNPATH_SEARCH_PATHS = "$(inherited) @executable_path/Frameworks @loader_path/Frameworks";
				PRODUCT_BUNDLE_IDENTIFIER = "com.cloudgatestudios.Bike-BuddyUITests";
				PRODUCT_NAME = "$(TARGET_NAME)";
				TEST_TARGET_NAME = "Bike Buddy";
				USES_XCTRUNNER = YES;
			};
			name = Release;
		};
/* End XCBuildConfiguration section */

/* Begin XCConfigurationList section */
		C516EFE01B0CE6CB00CF4468 /* Build configuration list for PBXProject "Bike Buddy" */ = {
			isa = XCConfigurationList;
			buildConfigurations = (
				C516F0041B0CE6CB00CF4468 /* Debug */,
				C516F0051B0CE6CB00CF4468 /* Release */,
			);
			defaultConfigurationIsVisible = 0;
			defaultConfigurationName = Release;
		};
		C516F0061B0CE6CB00CF4468 /* Build configuration list for PBXNativeTarget "Bike Buddy" */ = {
			isa = XCConfigurationList;
			buildConfigurations = (
				C516F0071B0CE6CB00CF4468 /* Debug */,
				C516F0081B0CE6CB00CF4468 /* Release */,
			);
			defaultConfigurationIsVisible = 0;
			defaultConfigurationName = Release;
		};
		C516F0091B0CE6CB00CF4468 /* Build configuration list for PBXNativeTarget "Bike BuddyTests" */ = {
			isa = XCConfigurationList;
			buildConfigurations = (
				C516F00A1B0CE6CB00CF4468 /* Debug */,
				C516F00B1B0CE6CB00CF4468 /* Release */,
			);
			defaultConfigurationIsVisible = 0;
			defaultConfigurationName = Release;
		};
		D1B6DD241C9EC3E3008543A3 /* Build configuration list for PBXNativeTarget "Bike BuddyUITests" */ = {
			isa = XCConfigurationList;
			buildConfigurations = (
				D1B6DD211C9EC3E3008543A3 /* Debug */,
				D1B6DD221C9EC3E3008543A3 /* Release */,
			);
			defaultConfigurationIsVisible = 0;
			defaultConfigurationName = Release;
		};
/* End XCConfigurationList section */
	};
	rootObject = C516EFDD1B0CE6CB00CF4468 /* Project object */;
}
